// !$*UTF8*$!
{
	archiveVersion = 1;
	classes = {
	};
	objectVersion = 46;
	objects = {

/* Begin PBXBuildFile section */
		30131571191FDFA900388D78 /* applications-system.svg in Resources */ = {isa = PBXBuildFile; fileRef = 3013156B191FDFA900388D78 /* applications-system.svg */; };
		30131572191FDFA900388D78 /* computer.svg in Resources */ = {isa = PBXBuildFile; fileRef = 3013156C191FDFA900388D78 /* computer.svg */; };
		30131573191FDFA900388D78 /* preferences-system-network.svg in Resources */ = {isa = PBXBuildFile; fileRef = 3013156D191FDFA900388D78 /* preferences-system-network.svg */; };
		30131574191FDFA900388D78 /* user-busy.svg in Resources */ = {isa = PBXBuildFile; fileRef = 3013156E191FDFA900388D78 /* user-busy.svg */; };
		30131575191FDFA900388D78 /* user-online.svg in Resources */ = {isa = PBXBuildFile; fileRef = 3013156F191FDFA900388D78 /* user-online.svg */; };
		30131576191FDFA900388D78 /* utilities-system-monitor.svg in Resources */ = {isa = PBXBuildFile; fileRef = 30131570191FDFA900388D78 /* utilities-system-monitor.svg */; };
		30143ED018072AEE004B0B54 /* mac_client-512.png in Resources */ = {isa = PBXBuildFile; fileRef = 30143ECF18072AEE004B0B54 /* mac_client-512.png */; };
		3032ECFF180D314B0069D360 /* Defaults.plist in Resources */ = {isa = PBXBuildFile; fileRef = 3032ECFE180D314B0069D360 /* Defaults.plist */; };
		30409BD717F9EDD500DD93A9 /* Cocoa.framework in Frameworks */ = {isa = PBXBuildFile; fileRef = 30409BD617F9EDD500DD93A9 /* Cocoa.framework */; };
		30409BE117F9EDD500DD93A9 /* InfoPlist.strings in Resources */ = {isa = PBXBuildFile; fileRef = 30409BDF17F9EDD500DD93A9 /* InfoPlist.strings */; };
		30409BE317F9EDD500DD93A9 /* main.m in Sources */ = {isa = PBXBuildFile; fileRef = 30409BE217F9EDD500DD93A9 /* main.m */; };
		30409BE717F9EDD500DD93A9 /* Credits.rtf in Resources */ = {isa = PBXBuildFile; fileRef = 30409BE517F9EDD500DD93A9 /* Credits.rtf */; };
		3047011818FC77FB00ADFCAF /* user-busy.png in Resources */ = {isa = PBXBuildFile; fileRef = 3047011618FC77FB00ADFCAF /* user-busy.png */; };
		3047011918FC77FB00ADFCAF /* user-online.png in Resources */ = {isa = PBXBuildFile; fileRef = 3047011718FC77FB00ADFCAF /* user-online.png */; };
		309EE4771A73A4C600BF9EA5 /* main.cpp in Sources */ = {isa = PBXBuildFile; fileRef = 309EE4761A73A4C600BF9EA5 /* main.cpp */; };
		30A332B01A754C360007B555 /* CoreFoundation.framework in Frameworks */ = {isa = PBXBuildFile; fileRef = 3084B09B18FF0CB7003C64F2 /* CoreFoundation.framework */; };
		30C0A1CF1B677C6C0042AEAB /* Distcc 3.2.xcspec in Resources */ = {isa = PBXBuildFile; fileRef = 30C0A1CD1B677C6C0042AEAB /* Distcc 3.2.xcspec */; };
		30C0A1D31B677C710042AEAB /* Distcc 3.2.strings in Resources */ = {isa = PBXBuildFile; fileRef = 30C0A1D11B677C710042AEAB /* Distcc 3.2.strings */; };
		30C0A1D71B677CCD0042AEAB /* usr in CopyFiles */ = {isa = PBXBuildFile; fileRef = 30C0A1D41B677C9C0042AEAB /* usr */; };
		30C0A1D81B677CD70042AEAB /* version.plist in CopyFiles */ = {isa = PBXBuildFile; fileRef = 30C0A1CA1B677C640042AEAB /* version.plist */; };
		30C0A1DB1B677F370042AEAB /* Distcc 3.2.xcplugin in Resources */ = {isa = PBXBuildFile; fileRef = 30C0A1B21B677C0A0042AEAB /* Distcc 3.2.xcplugin */; };
		30C0A1DC1B677F790042AEAB /* dmucs in CopyFiles */ = {isa = PBXBuildFile; fileRef = 303FBEE01B6623400083CF95 /* dmucs */; settings = {ATTRIBUTES = (CodeSignOnCopy, ); }; };
		30C0A1DE1B677F790042AEAB /* loadavg in CopyFiles */ = {isa = PBXBuildFile; fileRef = 303FBEE61B6623400083CF95 /* loadavg */; settings = {ATTRIBUTES = (CodeSignOnCopy, ); }; };
		30C0A1DF1B677F790042AEAB /* monitor in CopyFiles */ = {isa = PBXBuildFile; fileRef = 303FBEE81B6623400083CF95 /* monitor */; settings = {ATTRIBUTES = (CodeSignOnCopy, ); }; };
		30C0A1E01B677F790042AEAB /* remhost in CopyFiles */ = {isa = PBXBuildFile; fileRef = 303FBEEA1B6623400083CF95 /* remhost */; settings = {ATTRIBUTES = (CodeSignOnCopy, ); }; };
		30C0A1E11B677F790042AEAB /* addhost in CopyFiles */ = {isa = PBXBuildFile; fileRef = 303FBEEC1B6623400083CF95 /* addhost */; settings = {ATTRIBUTES = (CodeSignOnCopy, ); }; };
		30C0A1E51B677FAE0042AEAB /* DistClang in CopyFiles */ = {isa = PBXBuildFile; fileRef = 309EE4741A73A4C600BF9EA5 /* DistClang */; settings = {ATTRIBUTES = (CodeSignOnCopy, ); }; };
		30C0A1E81B677FCB0042AEAB /* distcc in CopyFiles */ = {isa = PBXBuildFile; fileRef = 30C0A1E61B677FCB0042AEAB /* distcc */; settings = {ATTRIBUTES = (CodeSignOnCopy, ); }; };
		30C0A1EA1B6780040042AEAB /* gethost in CopyFiles */ = {isa = PBXBuildFile; fileRef = 303FBEE41B6623400083CF95 /* gethost */; settings = {ATTRIBUTES = (CodeSignOnCopy, ); }; };
		30C0A1EB1B6780150042AEAB /* distccd in CopyFiles */ = {isa = PBXBuildFile; fileRef = 30C0A1E71B677FCB0042AEAB /* distccd */; settings = {ATTRIBUTES = (CodeSignOnCopy, ); }; };
		30C5A956180DBD1500599060 /* ServiceManagement.framework in Frameworks */ = {isa = PBXBuildFile; fileRef = 30C5A955180DBD1500599060 /* ServiceManagement.framework */; };
		30C89C361B6B70670030068C /* DistCode.m in Sources */ = {isa = PBXBuildFile; fileRef = 30C89C351B6B70670030068C /* DistCode.m */; };
		30D257A7192413DC0095502A /* Sparkle.framework in Frameworks */ = {isa = PBXBuildFile; fileRef = 30D2579C192413A40095502A /* Sparkle.framework */; };
		30D257A9192413F70095502A /* Sparkle.framework in CopyFiles */ = {isa = PBXBuildFile; fileRef = 30D2579C192413A40095502A /* Sparkle.framework */; };
		30D257AC19241BAD0095502A /* dsa_pub.pem in Resources */ = {isa = PBXBuildFile; fileRef = 30D257AB19241BAD0095502A /* dsa_pub.pem */; };
		30DE23BE1B6AA49500A1A1E0 /* AppDelegate.m in Sources */ = {isa = PBXBuildFile; fileRef = 30DE23BD1B6AA49500A1A1E0 /* AppDelegate.m */; };
		30DE23D51B6AA8CC00A1A1E0 /* argutil.c in Sources */ = {isa = PBXBuildFile; fileRef = 30DE23C81B6AA8CC00A1A1E0 /* argutil.c */; };
		30DE23D61B6AA8CC00A1A1E0 /* cleanup.c in Sources */ = {isa = PBXBuildFile; fileRef = 30DE23C91B6AA8CC00A1A1E0 /* cleanup.c */; };
		30DE23D71B6AA8CC00A1A1E0 /* filename.c in Sources */ = {isa = PBXBuildFile; fileRef = 30DE23CA1B6AA8CC00A1A1E0 /* filename.c */; };
		30DE23D81B6AA8CC00A1A1E0 /* io.c in Sources */ = {isa = PBXBuildFile; fileRef = 30DE23CB1B6AA8CC00A1A1E0 /* io.c */; };
		30DE23D91B6AA8CC00A1A1E0 /* mon.c in Sources */ = {isa = PBXBuildFile; fileRef = 30DE23CC1B6AA8CC00A1A1E0 /* mon.c */; };
		30DE23DA1B6AA8CC00A1A1E0 /* netutil.c in Sources */ = {isa = PBXBuildFile; fileRef = 30DE23CD1B6AA8CC00A1A1E0 /* netutil.c */; };
		30DE23DB1B6AA8CC00A1A1E0 /* rpc.c in Sources */ = {isa = PBXBuildFile; fileRef = 30DE23CE1B6AA8CC00A1A1E0 /* rpc.c */; };
		30DE23DC1B6AA8CC00A1A1E0 /* snprintf.c in Sources */ = {isa = PBXBuildFile; fileRef = 30DE23CF1B6AA8CC00A1A1E0 /* snprintf.c */; };
		30DE23DE1B6AA8CC00A1A1E0 /* tempfile.c in Sources */ = {isa = PBXBuildFile; fileRef = 30DE23D11B6AA8CC00A1A1E0 /* tempfile.c */; };
		30DE23DF1B6AA8CC00A1A1E0 /* trace.c in Sources */ = {isa = PBXBuildFile; fileRef = 30DE23D21B6AA8CC00A1A1E0 /* trace.c */; };
		30DE23E01B6AA8CC00A1A1E0 /* traceenv.c in Sources */ = {isa = PBXBuildFile; fileRef = 30DE23D31B6AA8CC00A1A1E0 /* traceenv.c */; };
		30DE23E11B6AA8CC00A1A1E0 /* util.c in Sources */ = {isa = PBXBuildFile; fileRef = 30DE23D41B6AA8CC00A1A1E0 /* util.c */; };
		30DE240C1B6AAA2200A1A1E0 /* state.c in Sources */ = {isa = PBXBuildFile; fileRef = 30DE240B1B6AAA2200A1A1E0 /* state.c */; };
		30ED78D5180C6A3200F8B42E /* DOTabbar.m in Sources */ = {isa = PBXBuildFile; fileRef = 30ED78D2180C6A3200F8B42E /* DOTabbar.m */; };
		30ED78D6180C6A3200F8B42E /* DOTabbarItemCell.m in Sources */ = {isa = PBXBuildFile; fileRef = 30ED78D4180C6A3200F8B42E /* DOTabbarItemCell.m */; };
		30F3C435180B40BA00614C58 /* OBMenuBarWindow.m in Sources */ = {isa = PBXBuildFile; fileRef = 30F3C434180B40BA00614C58 /* OBMenuBarWindow.m */; };
		30F3C437180B43AB00614C58 /* vpn-512.png in Resources */ = {isa = PBXBuildFile; fileRef = 30F3C436180B43AB00614C58 /* vpn-512.png */; };
		30FAAB3A181C26D3002051EB /* MainMenu.xib in Resources */ = {isa = PBXBuildFile; fileRef = 30409BEB17F9EDD500DD93A9 /* MainMenu.xib */; };
		30FAAB40181C27E3002051EB /* Images.xcassets in Resources */ = {isa = PBXBuildFile; fileRef = 30409BEE17F9EDD500DD93A9 /* Images.xcassets */; };
		30FAAB4D181C2812002051EB /* AppIcon.icns in Resources */ = {isa = PBXBuildFile; fileRef = 30FAAB49181C2812002051EB /* AppIcon.icns */; };
		30FAAB4E181C2812002051EB /* applications-system.icns in Resources */ = {isa = PBXBuildFile; fileRef = 30FAAB4A181C2812002051EB /* applications-system.icns */; };
		30FAAB4F181C2812002051EB /* computer.icns in Resources */ = {isa = PBXBuildFile; fileRef = 30FAAB4B181C2812002051EB /* computer.icns */; };
		30FAAB50181C2812002051EB /* utilities-system-monitor.icns in Resources */ = {isa = PBXBuildFile; fileRef = 30FAAB4C181C2812002051EB /* utilities-system-monitor.icns */; };
/* End PBXBuildFile section */

/* Begin PBXContainerItemProxy section */
		303FBEDF1B6623400083CF95 /* PBXContainerItemProxy */ = {
			isa = PBXContainerItemProxy;
			containerPortal = 303FBED51B6623400083CF95 /* dmucs.xcodeproj */;
			proxyType = 2;
			remoteGlobalIDString = 308B36CC17EA307900025EAC;
			remoteInfo = dmucs;
		};
		303FBEE11B6623400083CF95 /* PBXContainerItemProxy */ = {
			isa = PBXContainerItemProxy;
			containerPortal = 303FBED51B6623400083CF95 /* dmucs.xcodeproj */;
			proxyType = 2;
			remoteGlobalIDString = 308B37A817EA3AD200025EAC;
			remoteInfo = cosmic;
		};
		303FBEE31B6623400083CF95 /* PBXContainerItemProxy */ = {
			isa = PBXContainerItemProxy;
			containerPortal = 303FBED51B6623400083CF95 /* dmucs.xcodeproj */;
			proxyType = 2;
			remoteGlobalIDString = 308B37D417EA3CAC00025EAC;
			remoteInfo = gethost;
		};
		303FBEE51B6623400083CF95 /* PBXContainerItemProxy */ = {
			isa = PBXContainerItemProxy;
			containerPortal = 303FBED51B6623400083CF95 /* dmucs.xcodeproj */;
			proxyType = 2;
			remoteGlobalIDString = 308B37E817EA3D1700025EAC;
			remoteInfo = loadavg;
		};
		303FBEE71B6623400083CF95 /* PBXContainerItemProxy */ = {
			isa = PBXContainerItemProxy;
			containerPortal = 303FBED51B6623400083CF95 /* dmucs.xcodeproj */;
			proxyType = 2;
			remoteGlobalIDString = 308B37F917EA3D4500025EAC;
			remoteInfo = monitor;
		};
		303FBEE91B6623400083CF95 /* PBXContainerItemProxy */ = {
			isa = PBXContainerItemProxy;
			containerPortal = 303FBED51B6623400083CF95 /* dmucs.xcodeproj */;
			proxyType = 2;
			remoteGlobalIDString = 308B380A17EA3D7800025EAC;
			remoteInfo = remhost;
		};
		303FBEEB1B6623400083CF95 /* PBXContainerItemProxy */ = {
			isa = PBXContainerItemProxy;
			containerPortal = 303FBED51B6623400083CF95 /* dmucs.xcodeproj */;
			proxyType = 2;
			remoteGlobalIDString = 302882FD1803F70B00BB141E;
			remoteInfo = addhost;
		};
		303FBEED1B6623930083CF95 /* PBXContainerItemProxy */ = {
			isa = PBXContainerItemProxy;
			containerPortal = 303FBED51B6623400083CF95 /* dmucs.xcodeproj */;
			proxyType = 1;
			remoteGlobalIDString = 308B36CB17EA307900025EAC;
			remoteInfo = dmucs;
		};
		303FBEEF1B6623930083CF95 /* PBXContainerItemProxy */ = {
			isa = PBXContainerItemProxy;
			containerPortal = 303FBED51B6623400083CF95 /* dmucs.xcodeproj */;
			proxyType = 1;
			remoteGlobalIDString = 308B37D317EA3CAC00025EAC;
			remoteInfo = gethost;
		};
		303FBEF11B6623930083CF95 /* PBXContainerItemProxy */ = {
			isa = PBXContainerItemProxy;
			containerPortal = 303FBED51B6623400083CF95 /* dmucs.xcodeproj */;
			proxyType = 1;
			remoteGlobalIDString = 308B37E717EA3D1700025EAC;
			remoteInfo = loadavg;
		};
		303FBEF31B6623930083CF95 /* PBXContainerItemProxy */ = {
			isa = PBXContainerItemProxy;
			containerPortal = 303FBED51B6623400083CF95 /* dmucs.xcodeproj */;
			proxyType = 1;
			remoteGlobalIDString = 308B37F817EA3D4500025EAC;
			remoteInfo = monitor;
		};
		303FBEF51B6623930083CF95 /* PBXContainerItemProxy */ = {
			isa = PBXContainerItemProxy;
			containerPortal = 303FBED51B6623400083CF95 /* dmucs.xcodeproj */;
			proxyType = 1;
			remoteGlobalIDString = 308B380917EA3D7800025EAC;
			remoteInfo = remhost;
		};
		303FBEF71B6623930083CF95 /* PBXContainerItemProxy */ = {
			isa = PBXContainerItemProxy;
			containerPortal = 303FBED51B6623400083CF95 /* dmucs.xcodeproj */;
			proxyType = 1;
			remoteGlobalIDString = 302882F21803F70B00BB141E;
			remoteInfo = addhost;
		};
		303FBEF91B6623930083CF95 /* PBXContainerItemProxy */ = {
			isa = PBXContainerItemProxy;
			containerPortal = 303FBECC1B66233A0083CF95 /* distcc-read-only.xcodeproj */;
			proxyType = 1;
			remoteGlobalIDString = 303AA3E617E9962C0077FFC3;
			remoteInfo = "distcc-read-only";
		};
		30C0A1D91B677F220042AEAB /* PBXContainerItemProxy */ = {
			isa = PBXContainerItemProxy;
			containerPortal = 303AA3C217E991060077FFC3 /* Project object */;
			proxyType = 1;
			remoteGlobalIDString = 30C0A1B11B677C0A0042AEAB;
			remoteInfo = "Distcc 3.2";
		};
		30C0A1E21B677F8D0042AEAB /* PBXContainerItemProxy */ = {
			isa = PBXContainerItemProxy;
			containerPortal = 303AA3C217E991060077FFC3 /* Project object */;
			proxyType = 1;
			remoteGlobalIDString = 309EE4731A73A4C600BF9EA5;
			remoteInfo = DistClang;
		};
		30D2579B192413A40095502A /* PBXContainerItemProxy */ = {
			isa = PBXContainerItemProxy;
			containerPortal = 30D25792192413A40095502A /* Sparkle.xcodeproj */;
			proxyType = 2;
			remoteGlobalIDString = 8DC2EF5B0486A6940098B216;
			remoteInfo = Sparkle;
		};
		30D2579D192413A40095502A /* PBXContainerItemProxy */ = {
			isa = PBXContainerItemProxy;
			containerPortal = 30D25792192413A40095502A /* Sparkle.xcodeproj */;
			proxyType = 2;
			remoteGlobalIDString = 61B5F90209C4CEE200B25A18;
			remoteInfo = "Sparkle Test App";
		};
		30D2579F192413A40095502A /* PBXContainerItemProxy */ = {
			isa = PBXContainerItemProxy;
			containerPortal = 30D25792192413A40095502A /* Sparkle.xcodeproj */;
			proxyType = 2;
			remoteGlobalIDString = 612279D90DB5470200AB99EA;
			remoteInfo = "Sparkle Unit Tests";
		};
		30D257A1192413A40095502A /* PBXContainerItemProxy */ = {
			isa = PBXContainerItemProxy;
			containerPortal = 30D25792192413A40095502A /* Sparkle.xcodeproj */;
			proxyType = 2;
			remoteGlobalIDString = 5D06E8D00FD68C7C005AE3F6;
			remoteInfo = BinaryDelta;
		};
		30D257A3192413A40095502A /* PBXContainerItemProxy */ = {
			isa = PBXContainerItemProxy;
			containerPortal = 30D25792192413A40095502A /* Sparkle.xcodeproj */;
			proxyType = 2;
			remoteGlobalIDString = 55C14BB7136EEF1500649790;
			remoteInfo = finish_installation;
		};
		30D257A5192413C60095502A /* PBXContainerItemProxy */ = {
			isa = PBXContainerItemProxy;
			containerPortal = 30D25792192413A40095502A /* Sparkle.xcodeproj */;
			proxyType = 1;
			remoteGlobalIDString = 8DC2EF4F0486A6940098B216;
			remoteInfo = Sparkle;
		};
		30D66D691B6FE9B500FDCDDD /* PBXContainerItemProxy */ = {
			isa = PBXContainerItemProxy;
			containerPortal = 303FBED51B6623400083CF95 /* dmucs.xcodeproj */;
			proxyType = 1;
			remoteGlobalIDString = 308B37D317EA3CAC00025EAC;
			remoteInfo = gethost;
		};
		30D66D6B1B6FE9B900FDCDDD /* PBXContainerItemProxy */ = {
			isa = PBXContainerItemProxy;
			containerPortal = 303FBECC1B66233A0083CF95 /* distcc-read-only.xcodeproj */;
			proxyType = 1;
			remoteGlobalIDString = 303AA3E617E9962C0077FFC3;
			remoteInfo = "distcc-read-only";
		};
/* End PBXContainerItemProxy section */

/* Begin PBXCopyFilesBuildPhase section */
		300D327B180360BD00EDD3BC /* CopyFiles */ = {
			isa = PBXCopyFilesBuildPhase;
			buildActionMask = 2147483647;
			dstPath = "";
			dstSubfolderSpec = 6;
			files = (
				30C0A1EB1B6780150042AEAB /* distccd in CopyFiles */,
				30C0A1DC1B677F790042AEAB /* dmucs in CopyFiles */,
				30C0A1DE1B677F790042AEAB /* loadavg in CopyFiles */,
				30C0A1DF1B677F790042AEAB /* monitor in CopyFiles */,
				30C0A1E01B677F790042AEAB /* remhost in CopyFiles */,
				30C0A1E11B677F790042AEAB /* addhost in CopyFiles */,
			);
			runOnlyForDeploymentPostprocessing = 0;
		};
		309EE4721A73A4C600BF9EA5 /* CopyFiles */ = {
			isa = PBXCopyFilesBuildPhase;
			buildActionMask = 2147483647;
			dstPath = /usr/share/man/man1/;
			dstSubfolderSpec = 0;
			files = (
			);
			runOnlyForDeploymentPostprocessing = 1;
		};
		30C0A1D61B677CBD0042AEAB /* CopyFiles */ = {
			isa = PBXCopyFilesBuildPhase;
			buildActionMask = 2147483647;
			dstPath = Contents;
			dstSubfolderSpec = 1;
			files = (
				30C0A1D71B677CCD0042AEAB /* usr in CopyFiles */,
				30C0A1D81B677CD70042AEAB /* version.plist in CopyFiles */,
			);
			runOnlyForDeploymentPostprocessing = 0;
		};
		30C0A1E41B677F9F0042AEAB /* CopyFiles */ = {
			isa = PBXCopyFilesBuildPhase;
			buildActionMask = 2147483647;
			dstPath = Contents/usr/bin;
			dstSubfolderSpec = 1;
			files = (
				30C0A1EA1B6780040042AEAB /* gethost in CopyFiles */,
				30C0A1E51B677FAE0042AEAB /* DistClang in CopyFiles */,
				30C0A1E81B677FCB0042AEAB /* distcc in CopyFiles */,
			);
			runOnlyForDeploymentPostprocessing = 0;
		};
		30D257A8192413E90095502A /* CopyFiles */ = {
			isa = PBXCopyFilesBuildPhase;
			buildActionMask = 2147483647;
			dstPath = "";
			dstSubfolderSpec = 10;
			files = (
				30D257A9192413F70095502A /* Sparkle.framework in CopyFiles */,
			);
			runOnlyForDeploymentPostprocessing = 0;
		};
/* End PBXCopyFilesBuildPhase section */

/* Begin PBXFileReference section */
		3013156B191FDFA900388D78 /* applications-system.svg */ = {isa = PBXFileReference; fileEncoding = 4; lastKnownFileType = text.xml; path = "applications-system.svg"; sourceTree = "<group>"; };
		3013156C191FDFA900388D78 /* computer.svg */ = {isa = PBXFileReference; fileEncoding = 4; lastKnownFileType = text.xml; path = computer.svg; sourceTree = "<group>"; };
		3013156D191FDFA900388D78 /* preferences-system-network.svg */ = {isa = PBXFileReference; fileEncoding = 4; lastKnownFileType = text.xml; path = "preferences-system-network.svg"; sourceTree = "<group>"; };
		3013156E191FDFA900388D78 /* user-busy.svg */ = {isa = PBXFileReference; fileEncoding = 4; lastKnownFileType = text.xml; path = "user-busy.svg"; sourceTree = "<group>"; };
		3013156F191FDFA900388D78 /* user-online.svg */ = {isa = PBXFileReference; fileEncoding = 4; lastKnownFileType = text.xml; path = "user-online.svg"; sourceTree = "<group>"; };
		30131570191FDFA900388D78 /* utilities-system-monitor.svg */ = {isa = PBXFileReference; fileEncoding = 4; lastKnownFileType = text.xml; path = "utilities-system-monitor.svg"; sourceTree = "<group>"; };
		30143ECF18072AEE004B0B54 /* mac_client-512.png */ = {isa = PBXFileReference; lastKnownFileType = image.png; path = "mac_client-512.png"; sourceTree = "<group>"; };
		3032ECFE180D314B0069D360 /* Defaults.plist */ = {isa = PBXFileReference; fileEncoding = 4; lastKnownFileType = text.plist.xml; path = Defaults.plist; sourceTree = "<group>"; };
		303AA3CD17E991060077FFC3 /* AppKit.framework */ = {isa = PBXFileReference; lastKnownFileType = wrapper.framework; name = AppKit.framework; path = System/Library/Frameworks/AppKit.framework; sourceTree = SDKROOT; };
		303AA3CF17E991060077FFC3 /* Foundation.framework */ = {isa = PBXFileReference; lastKnownFileType = wrapper.framework; name = Foundation.framework; path = System/Library/Frameworks/Foundation.framework; sourceTree = SDKROOT; };
		303FBECC1B66233A0083CF95 /* distcc-read-only.xcodeproj */ = {isa = PBXFileReference; lastKnownFileType = "wrapper.pb-project"; name = "distcc-read-only.xcodeproj"; path = "distcc/distcc-read-only.xcodeproj"; sourceTree = "<group>"; };
		303FBED51B6623400083CF95 /* dmucs.xcodeproj */ = {isa = PBXFileReference; lastKnownFileType = "wrapper.pb-project"; name = dmucs.xcodeproj; path = dmucs/dmucs.xcodeproj; sourceTree = "<group>"; };
		30409BD517F9EDD400DD93A9 /* DistCode.app */ = {isa = PBXFileReference; explicitFileType = wrapper.application; includeInIndex = 0; path = DistCode.app; sourceTree = BUILT_PRODUCTS_DIR; };
		30409BD617F9EDD500DD93A9 /* Cocoa.framework */ = {isa = PBXFileReference; lastKnownFileType = wrapper.framework; name = Cocoa.framework; path = System/Library/Frameworks/Cocoa.framework; sourceTree = SDKROOT; };
		30409BD917F9EDD500DD93A9 /* AppKit.framework */ = {isa = PBXFileReference; lastKnownFileType = wrapper.framework; name = AppKit.framework; path = System/Library/Frameworks/AppKit.framework; sourceTree = SDKROOT; };
		30409BDA17F9EDD500DD93A9 /* CoreData.framework */ = {isa = PBXFileReference; lastKnownFileType = wrapper.framework; name = CoreData.framework; path = System/Library/Frameworks/CoreData.framework; sourceTree = SDKROOT; };
		30409BDB17F9EDD500DD93A9 /* Foundation.framework */ = {isa = PBXFileReference; lastKnownFileType = wrapper.framework; name = Foundation.framework; path = System/Library/Frameworks/Foundation.framework; sourceTree = SDKROOT; };
		30409BDE17F9EDD500DD93A9 /* DistCode-Info.plist */ = {isa = PBXFileReference; lastKnownFileType = text.plist.xml; path = "DistCode-Info.plist"; sourceTree = "<group>"; };
		30409BE017F9EDD500DD93A9 /* en */ = {isa = PBXFileReference; lastKnownFileType = text.plist.strings; name = en; path = en.lproj/InfoPlist.strings; sourceTree = "<group>"; };
		30409BE217F9EDD500DD93A9 /* main.m */ = {isa = PBXFileReference; lastKnownFileType = sourcecode.c.objc; path = main.m; sourceTree = "<group>"; };
		30409BE417F9EDD500DD93A9 /* DistCode-Prefix.pch */ = {isa = PBXFileReference; lastKnownFileType = sourcecode.c.h; path = "DistCode-Prefix.pch"; sourceTree = "<group>"; };
		30409BE617F9EDD500DD93A9 /* en */ = {isa = PBXFileReference; lastKnownFileType = text.rtf; name = en; path = en.lproj/Credits.rtf; sourceTree = "<group>"; };
		30409BEC17F9EDD500DD93A9 /* Base */ = {isa = PBXFileReference; lastKnownFileType = file.xib; name = Base; path = Base.lproj/MainMenu.xib; sourceTree = "<group>"; };
		30409BEE17F9EDD500DD93A9 /* Images.xcassets */ = {isa = PBXFileReference; lastKnownFileType = folder.assetcatalog; path = Images.xcassets; sourceTree = "<group>"; };
		30409BF517F9EDD500DD93A9 /* XCTest.framework */ = {isa = PBXFileReference; lastKnownFileType = wrapper.framework; name = XCTest.framework; path = Library/Frameworks/XCTest.framework; sourceTree = DEVELOPER_DIR; };
		3047011618FC77FB00ADFCAF /* user-busy.png */ = {isa = PBXFileReference; lastKnownFileType = image.png; path = "user-busy.png"; sourceTree = "<group>"; };
		3047011718FC77FB00ADFCAF /* user-online.png */ = {isa = PBXFileReference; lastKnownFileType = image.png; path = "user-online.png"; sourceTree = "<group>"; };
		3084B09B18FF0CB7003C64F2 /* CoreFoundation.framework */ = {isa = PBXFileReference; lastKnownFileType = wrapper.framework; name = CoreFoundation.framework; path = System/Library/Frameworks/CoreFoundation.framework; sourceTree = SDKROOT; };
		30995E2F1905DBF1000E2B90 /* AppDNA.sh */ = {isa = PBXFileReference; lastKnownFileType = text.script.sh; path = AppDNA.sh; sourceTree = SOURCE_ROOT; };
		309E06D91A714D19004AB735 /* Security.framework */ = {isa = PBXFileReference; lastKnownFileType = wrapper.framework; name = Security.framework; path = System/Library/Frameworks/Security.framework; sourceTree = SDKROOT; };
		309EE4741A73A4C600BF9EA5 /* DistClang */ = {isa = PBXFileReference; explicitFileType = "compiled.mach-o.executable"; includeInIndex = 0; path = DistClang; sourceTree = BUILT_PRODUCTS_DIR; };
		309EE4761A73A4C600BF9EA5 /* main.cpp */ = {isa = PBXFileReference; lastKnownFileType = sourcecode.cpp.cpp; path = main.cpp; sourceTree = "<group>"; };
		30C0A1B21B677C0A0042AEAB /* Distcc 3.2.xcplugin */ = {isa = PBXFileReference; explicitFileType = wrapper.cfbundle; includeInIndex = 0; path = "Distcc 3.2.xcplugin"; sourceTree = BUILT_PRODUCTS_DIR; };
		30C0A1B51B677C0B0042AEAB /* Distcc 3.2-Info.plist */ = {isa = PBXFileReference; lastKnownFileType = text.plist.xml; path = "Distcc 3.2-Info.plist"; sourceTree = "<group>"; };
		30C0A1CA1B677C640042AEAB /* version.plist */ = {isa = PBXFileReference; fileEncoding = 4; lastKnownFileType = text.plist.xml; path = version.plist; sourceTree = "<group>"; };
		30C0A1CC1B677C6C0042AEAB /* Distcc 3.2-Info.plist */ = {isa = PBXFileReference; fileEncoding = 4; lastKnownFileType = text.plist.xml; path = "Distcc 3.2-Info.plist"; sourceTree = "<group>"; };
		30C0A1CD1B677C6C0042AEAB /* Distcc 3.2.xcspec */ = {isa = PBXFileReference; fileEncoding = 4; lastKnownFileType = text.plist.xcspec; path = "Distcc 3.2.xcspec"; sourceTree = "<group>"; };
		30C0A1D21B677C710042AEAB /* English */ = {isa = PBXFileReference; lastKnownFileType = text.plist.strings; name = English; path = "Distcc 3.2.strings"; sourceTree = "<group>"; };
		30C0A1D41B677C9C0042AEAB /* usr */ = {isa = PBXFileReference; lastKnownFileType = folder; path = usr; sourceTree = "<group>"; };
		30C0A1E61B677FCB0042AEAB /* distcc */ = {isa = PBXFileReference; lastKnownFileType = "compiled.mach-o.executable"; name = distcc; path = ../distcc/distcc; sourceTree = "<group>"; };
		30C0A1E71B677FCB0042AEAB /* distccd */ = {isa = PBXFileReference; lastKnownFileType = "compiled.mach-o.executable"; name = distccd; path = ../distcc/distccd; sourceTree = "<group>"; };
		30C5A955180DBD1500599060 /* ServiceManagement.framework */ = {isa = PBXFileReference; lastKnownFileType = wrapper.framework; name = ServiceManagement.framework; path = System/Library/Frameworks/ServiceManagement.framework; sourceTree = SDKROOT; };
		30C89C351B6B70670030068C /* DistCode.m */ = {isa = PBXFileReference; fileEncoding = 4; lastKnownFileType = sourcecode.c.objc; path = DistCode.m; sourceTree = "<group>"; };
		30C89C371B6B707A0030068C /* DistCode.h */ = {isa = PBXFileReference; lastKnownFileType = sourcecode.c.h; path = DistCode.h; sourceTree = "<group>"; };
		30D25792192413A40095502A /* Sparkle.xcodeproj */ = {isa = PBXFileReference; lastKnownFileType = "wrapper.pb-project"; name = Sparkle.xcodeproj; path = Sparkle/Sparkle.xcodeproj; sourceTree = "<group>"; };
		30D257AB19241BAD0095502A /* dsa_pub.pem */ = {isa = PBXFileReference; fileEncoding = 4; lastKnownFileType = text; path = dsa_pub.pem; sourceTree = "<group>"; };
		30DE23BC1B6AA49500A1A1E0 /* AppDelegate.h */ = {isa = PBXFileReference; fileEncoding = 4; lastKnownFileType = sourcecode.c.h; path = AppDelegate.h; sourceTree = "<group>"; };
		30DE23BD1B6AA49500A1A1E0 /* AppDelegate.m */ = {isa = PBXFileReference; fileEncoding = 4; lastKnownFileType = sourcecode.c.objc; path = AppDelegate.m; sourceTree = "<group>"; };
		30DE23C81B6AA8CC00A1A1E0 /* argutil.c */ = {isa = PBXFileReference; fileEncoding = 4; lastKnownFileType = sourcecode.c.c; name = argutil.c; path = ../distcc/src/argutil.c; sourceTree = "<group>"; };
		30DE23C91B6AA8CC00A1A1E0 /* cleanup.c */ = {isa = PBXFileReference; fileEncoding = 4; lastKnownFileType = sourcecode.c.c; name = cleanup.c; path = ../distcc/src/cleanup.c; sourceTree = "<group>"; };
		30DE23CA1B6AA8CC00A1A1E0 /* filename.c */ = {isa = PBXFileReference; fileEncoding = 4; lastKnownFileType = sourcecode.c.c; name = filename.c; path = ../distcc/src/filename.c; sourceTree = "<group>"; };
		30DE23CB1B6AA8CC00A1A1E0 /* io.c */ = {isa = PBXFileReference; fileEncoding = 4; lastKnownFileType = sourcecode.c.c; name = io.c; path = ../distcc/src/io.c; sourceTree = "<group>"; };
		30DE23CC1B6AA8CC00A1A1E0 /* mon.c */ = {isa = PBXFileReference; fileEncoding = 4; lastKnownFileType = sourcecode.c.c; name = mon.c; path = ../distcc/src/mon.c; sourceTree = "<group>"; };
		30DE23CD1B6AA8CC00A1A1E0 /* netutil.c */ = {isa = PBXFileReference; fileEncoding = 4; lastKnownFileType = sourcecode.c.c; name = netutil.c; path = ../distcc/src/netutil.c; sourceTree = "<group>"; };
		30DE23CE1B6AA8CC00A1A1E0 /* rpc.c */ = {isa = PBXFileReference; fileEncoding = 4; lastKnownFileType = sourcecode.c.c; name = rpc.c; path = ../distcc/src/rpc.c; sourceTree = "<group>"; };
		30DE23CF1B6AA8CC00A1A1E0 /* snprintf.c */ = {isa = PBXFileReference; fileEncoding = 4; lastKnownFileType = sourcecode.c.c; name = snprintf.c; path = ../distcc/src/snprintf.c; sourceTree = "<group>"; };
		30DE23D11B6AA8CC00A1A1E0 /* tempfile.c */ = {isa = PBXFileReference; fileEncoding = 4; lastKnownFileType = sourcecode.c.c; name = tempfile.c; path = ../distcc/src/tempfile.c; sourceTree = "<group>"; };
		30DE23D21B6AA8CC00A1A1E0 /* trace.c */ = {isa = PBXFileReference; fileEncoding = 4; lastKnownFileType = sourcecode.c.c; name = trace.c; path = ../distcc/src/trace.c; sourceTree = "<group>"; };
		30DE23D31B6AA8CC00A1A1E0 /* traceenv.c */ = {isa = PBXFileReference; fileEncoding = 4; lastKnownFileType = sourcecode.c.c; name = traceenv.c; path = ../distcc/src/traceenv.c; sourceTree = "<group>"; };
		30DE23D41B6AA8CC00A1A1E0 /* util.c */ = {isa = PBXFileReference; fileEncoding = 4; lastKnownFileType = sourcecode.c.c; name = util.c; path = ../distcc/src/util.c; sourceTree = "<group>"; };
		30DE23E31B6AA92A00A1A1E0 /* access.h */ = {isa = PBXFileReference; lastKnownFileType = sourcecode.c.h; name = access.h; path = ../distcc/src/access.h; sourceTree = "<group>"; };
		30DE23E41B6AA92A00A1A1E0 /* auth.h */ = {isa = PBXFileReference; lastKnownFileType = sourcecode.c.h; name = auth.h; path = ../distcc/src/auth.h; sourceTree = "<group>"; };
		30DE23E51B6AA92A00A1A1E0 /* bulk.h */ = {isa = PBXFileReference; lastKnownFileType = sourcecode.c.h; name = bulk.h; path = ../distcc/src/bulk.h; sourceTree = "<group>"; };
		30DE23E61B6AA92A00A1A1E0 /* byte_swapping.h */ = {isa = PBXFileReference; lastKnownFileType = sourcecode.c.h; name = byte_swapping.h; path = ../distcc/src/byte_swapping.h; sourceTree = "<group>"; };
		30DE23E71B6AA92A00A1A1E0 /* clinet.h */ = {isa = PBXFileReference; lastKnownFileType = sourcecode.c.h; name = clinet.h; path = ../distcc/src/clinet.h; sourceTree = "<group>"; };
		30DE23E81B6AA92A00A1A1E0 /* compile.h */ = {isa = PBXFileReference; lastKnownFileType = sourcecode.c.h; name = compile.h; path = ../distcc/src/compile.h; sourceTree = "<group>"; };
		30DE23E91B6AA92A00A1A1E0 /* config.h */ = {isa = PBXFileReference; lastKnownFileType = sourcecode.c.h; name = config.h; path = ../distcc/src/config.h; sourceTree = "<group>"; };
		30DE23EA1B6AA92A00A1A1E0 /* cpp_dialect.h */ = {isa = PBXFileReference; lastKnownFileType = sourcecode.c.h; name = cpp_dialect.h; path = ../distcc/src/cpp_dialect.h; sourceTree = "<group>"; };
		30DE23EB1B6AA92A00A1A1E0 /* daemon.h */ = {isa = PBXFileReference; lastKnownFileType = sourcecode.c.h; name = daemon.h; path = ../distcc/src/daemon.h; sourceTree = "<group>"; };
		30DE23EC1B6AA92A00A1A1E0 /* distcc.h */ = {isa = PBXFileReference; lastKnownFileType = sourcecode.c.h; name = distcc.h; path = ../distcc/src/distcc.h; sourceTree = "<group>"; };
		30DE23ED1B6AA92A00A1A1E0 /* dopt.h */ = {isa = PBXFileReference; lastKnownFileType = sourcecode.c.h; name = dopt.h; path = ../distcc/src/dopt.h; sourceTree = "<group>"; };
		30DE23EE1B6AA92A00A1A1E0 /* dotd.h */ = {isa = PBXFileReference; lastKnownFileType = sourcecode.c.h; name = dotd.h; path = ../distcc/src/dotd.h; sourceTree = "<group>"; };
		30DE23EF1B6AA92A00A1A1E0 /* emaillog.h */ = {isa = PBXFileReference; lastKnownFileType = sourcecode.c.h; name = emaillog.h; path = ../distcc/src/emaillog.h; sourceTree = "<group>"; };
		30DE23F01B6AA92A00A1A1E0 /* exec.h */ = {isa = PBXFileReference; lastKnownFileType = sourcecode.c.h; name = exec.h; path = ../distcc/src/exec.h; sourceTree = "<group>"; };
		30DE23F11B6AA92A00A1A1E0 /* exitcode.h */ = {isa = PBXFileReference; lastKnownFileType = sourcecode.c.h; name = exitcode.h; path = ../distcc/src/exitcode.h; sourceTree = "<group>"; };
		30DE23F21B6AA92A00A1A1E0 /* fix_debug_info.h */ = {isa = PBXFileReference; lastKnownFileType = sourcecode.c.h; name = fix_debug_info.h; path = ../distcc/src/fix_debug_info.h; sourceTree = "<group>"; };
		30DE23F31B6AA92A00A1A1E0 /* hosts.h */ = {isa = PBXFileReference; lastKnownFileType = sourcecode.c.h; name = hosts.h; path = ../distcc/src/hosts.h; sourceTree = "<group>"; };
		30DE23F41B6AA92A00A1A1E0 /* implicit.h */ = {isa = PBXFileReference; lastKnownFileType = sourcecode.c.h; name = implicit.h; path = ../distcc/src/implicit.h; sourceTree = "<group>"; };
		30DE23F51B6AA92A00A1A1E0 /* include_server_if.h */ = {isa = PBXFileReference; lastKnownFileType = sourcecode.c.h; name = include_server_if.h; path = ../distcc/src/include_server_if.h; sourceTree = "<group>"; };
		30DE23F61B6AA92A00A1A1E0 /* lock.h */ = {isa = PBXFileReference; lastKnownFileType = sourcecode.c.h; name = lock.h; path = ../distcc/src/lock.h; sourceTree = "<group>"; };
		30DE23F71B6AA92A00A1A1E0 /* mach_o_stub.h */ = {isa = PBXFileReference; lastKnownFileType = sourcecode.c.h; name = mach_o_stub.h; path = ../distcc/src/mach_o_stub.h; sourceTree = "<group>"; };
		30DE23F81B6AA92A00A1A1E0 /* mon.h */ = {isa = PBXFileReference; lastKnownFileType = sourcecode.c.h; name = mon.h; path = ../distcc/src/mon.h; sourceTree = "<group>"; };
		30DE23F91B6AA92A00A1A1E0 /* netutil.h */ = {isa = PBXFileReference; lastKnownFileType = sourcecode.c.h; name = netutil.h; path = ../distcc/src/netutil.h; sourceTree = "<group>"; };
		30DE23FA1B6AA92A00A1A1E0 /* renderer.h */ = {isa = PBXFileReference; lastKnownFileType = sourcecode.c.h; name = renderer.h; path = ../distcc/src/renderer.h; sourceTree = "<group>"; };
		30DE23FB1B6AA92A00A1A1E0 /* rpc.h */ = {isa = PBXFileReference; lastKnownFileType = sourcecode.c.h; name = rpc.h; path = ../distcc/src/rpc.h; sourceTree = "<group>"; };
		30DE23FC1B6AA92A00A1A1E0 /* rslave.h */ = {isa = PBXFileReference; lastKnownFileType = sourcecode.c.h; name = rslave.h; path = ../distcc/src/rslave.h; sourceTree = "<group>"; };
		30DE23FD1B6AA92A00A1A1E0 /* snprintf.h */ = {isa = PBXFileReference; lastKnownFileType = sourcecode.c.h; name = snprintf.h; path = ../distcc/src/snprintf.h; sourceTree = "<group>"; };
		30DE23FE1B6AA92A00A1A1E0 /* srvnet.h */ = {isa = PBXFileReference; lastKnownFileType = sourcecode.c.h; name = srvnet.h; path = ../distcc/src/srvnet.h; sourceTree = "<group>"; };
		30DE23FF1B6AA92A00A1A1E0 /* state.h */ = {isa = PBXFileReference; lastKnownFileType = sourcecode.c.h; name = state.h; path = ../distcc/src/state.h; sourceTree = "<group>"; };
		30DE24001B6AA92A00A1A1E0 /* stats.h */ = {isa = PBXFileReference; lastKnownFileType = sourcecode.c.h; name = stats.h; path = ../distcc/src/stats.h; sourceTree = "<group>"; };
		30DE24011B6AA92A00A1A1E0 /* stringmap.h */ = {isa = PBXFileReference; lastKnownFileType = sourcecode.c.h; name = stringmap.h; path = ../distcc/src/stringmap.h; sourceTree = "<group>"; };
		30DE24021B6AA92A00A1A1E0 /* timefile.h */ = {isa = PBXFileReference; lastKnownFileType = sourcecode.c.h; name = timefile.h; path = ../distcc/src/timefile.h; sourceTree = "<group>"; };
		30DE24031B6AA92A00A1A1E0 /* timeval.h */ = {isa = PBXFileReference; lastKnownFileType = sourcecode.c.h; name = timeval.h; path = ../distcc/src/timeval.h; sourceTree = "<group>"; };
		30DE24041B6AA92A00A1A1E0 /* trace.h */ = {isa = PBXFileReference; lastKnownFileType = sourcecode.c.h; name = trace.h; path = ../distcc/src/trace.h; sourceTree = "<group>"; };
		30DE24051B6AA92A00A1A1E0 /* types.h */ = {isa = PBXFileReference; lastKnownFileType = sourcecode.c.h; name = types.h; path = ../distcc/src/types.h; sourceTree = "<group>"; };
		30DE24061B6AA92A00A1A1E0 /* util.h */ = {isa = PBXFileReference; lastKnownFileType = sourcecode.c.h; name = util.h; path = ../distcc/src/util.h; sourceTree = "<group>"; };
		30DE24071B6AA92A00A1A1E0 /* va_copy.h */ = {isa = PBXFileReference; lastKnownFileType = sourcecode.c.h; name = va_copy.h; path = ../distcc/src/va_copy.h; sourceTree = "<group>"; };
		30DE24081B6AA92A00A1A1E0 /* where.h */ = {isa = PBXFileReference; lastKnownFileType = sourcecode.c.h; name = where.h; path = ../distcc/src/where.h; sourceTree = "<group>"; };
		30DE24091B6AA92A00A1A1E0 /* xci.h */ = {isa = PBXFileReference; lastKnownFileType = sourcecode.c.h; name = xci.h; path = ../distcc/src/xci.h; sourceTree = "<group>"; };
		30DE240A1B6AA92A00A1A1E0 /* zeroconf.h */ = {isa = PBXFileReference; lastKnownFileType = sourcecode.c.h; name = zeroconf.h; path = ../distcc/src/zeroconf.h; sourceTree = "<group>"; };
		30DE240B1B6AAA2200A1A1E0 /* state.c */ = {isa = PBXFileReference; fileEncoding = 4; lastKnownFileType = sourcecode.c.c; name = state.c; path = ../distcc/src/state.c; sourceTree = "<group>"; };
		30ED78D1180C6A3200F8B42E /* DOTabbar.h */ = {isa = PBXFileReference; fileEncoding = 4; lastKnownFileType = sourcecode.c.h; path = DOTabbar.h; sourceTree = "<group>"; };
		30ED78D2180C6A3200F8B42E /* DOTabbar.m */ = {isa = PBXFileReference; fileEncoding = 4; lastKnownFileType = sourcecode.c.objc; path = DOTabbar.m; sourceTree = "<group>"; };
		30ED78D3180C6A3200F8B42E /* DOTabbarItemCell.h */ = {isa = PBXFileReference; fileEncoding = 4; lastKnownFileType = sourcecode.c.h; path = DOTabbarItemCell.h; sourceTree = "<group>"; };
		30ED78D4180C6A3200F8B42E /* DOTabbarItemCell.m */ = {isa = PBXFileReference; fileEncoding = 4; lastKnownFileType = sourcecode.c.objc; path = DOTabbarItemCell.m; sourceTree = "<group>"; };
		30F3C433180B40BA00614C58 /* OBMenuBarWindow.h */ = {isa = PBXFileReference; fileEncoding = 4; lastKnownFileType = sourcecode.c.h; path = OBMenuBarWindow.h; sourceTree = "<group>"; };
		30F3C434180B40BA00614C58 /* OBMenuBarWindow.m */ = {isa = PBXFileReference; fileEncoding = 4; lastKnownFileType = sourcecode.c.objc; path = OBMenuBarWindow.m; sourceTree = "<group>"; };
		30F3C436180B43AB00614C58 /* vpn-512.png */ = {isa = PBXFileReference; lastKnownFileType = image.png; path = "vpn-512.png"; sourceTree = "<group>"; };
		30FAAB49181C2812002051EB /* AppIcon.icns */ = {isa = PBXFileReference; lastKnownFileType = image.icns; path = AppIcon.icns; sourceTree = "<group>"; };
		30FAAB4A181C2812002051EB /* applications-system.icns */ = {isa = PBXFileReference; lastKnownFileType = image.icns; path = "applications-system.icns"; sourceTree = "<group>"; };
		30FAAB4B181C2812002051EB /* computer.icns */ = {isa = PBXFileReference; lastKnownFileType = image.icns; path = computer.icns; sourceTree = "<group>"; };
		30FAAB4C181C2812002051EB /* utilities-system-monitor.icns */ = {isa = PBXFileReference; lastKnownFileType = image.icns; path = "utilities-system-monitor.icns"; sourceTree = "<group>"; };
/* End PBXFileReference section */

/* Begin PBXFrameworksBuildPhase section */
		30409BD217F9EDD400DD93A9 /* Frameworks */ = {
			isa = PBXFrameworksBuildPhase;
			buildActionMask = 2147483647;
			files = (
				30D257A7192413DC0095502A /* Sparkle.framework in Frameworks */,
				30C5A956180DBD1500599060 /* ServiceManagement.framework in Frameworks */,
				30409BD717F9EDD500DD93A9 /* Cocoa.framework in Frameworks */,
			);
			runOnlyForDeploymentPostprocessing = 0;
		};
		309EE4711A73A4C600BF9EA5 /* Frameworks */ = {
			isa = PBXFrameworksBuildPhase;
			buildActionMask = 2147483647;
			files = (
				30A332B01A754C360007B555 /* CoreFoundation.framework in Frameworks */,
			);
			runOnlyForDeploymentPostprocessing = 0;
		};
		30C0A1AF1B677C0A0042AEAB /* Frameworks */ = {
			isa = PBXFrameworksBuildPhase;
			buildActionMask = 2147483647;
			files = (
			);
			runOnlyForDeploymentPostprocessing = 0;
		};
/* End PBXFrameworksBuildPhase section */

/* Begin PBXGroup section */
		303AA3C117E991060077FFC3 = {
			isa = PBXGroup;
			children = (
				303FBED51B6623400083CF95 /* dmucs.xcodeproj */,
				303FBECC1B66233A0083CF95 /* distcc-read-only.xcodeproj */,
				30D25792192413A40095502A /* Sparkle.xcodeproj */,
				30409BDC17F9EDD500DD93A9 /* DistCode */,
				309EE4751A73A4C600BF9EA5 /* DistClang */,
				30C0A1B31B677C0B0042AEAB /* Distcc 3.2 */,
				303AA3CC17E991060077FFC3 /* Frameworks */,
				303AA3CB17E991060077FFC3 /* Products */,
			);
			sourceTree = "<group>";
		};
		303AA3CB17E991060077FFC3 /* Products */ = {
			isa = PBXGroup;
			children = (
				30409BD517F9EDD400DD93A9 /* DistCode.app */,
				309EE4741A73A4C600BF9EA5 /* DistClang */,
				30C0A1B21B677C0A0042AEAB /* Distcc 3.2.xcplugin */,
			);
			name = Products;
			sourceTree = "<group>";
		};
		303AA3CC17E991060077FFC3 /* Frameworks */ = {
			isa = PBXGroup;
			children = (
				309E06D91A714D19004AB735 /* Security.framework */,
				3084B09B18FF0CB7003C64F2 /* CoreFoundation.framework */,
				30C5A955180DBD1500599060 /* ServiceManagement.framework */,
				303AA3CD17E991060077FFC3 /* AppKit.framework */,
				303AA3CF17E991060077FFC3 /* Foundation.framework */,
				30409BD617F9EDD500DD93A9 /* Cocoa.framework */,
				30409BF517F9EDD500DD93A9 /* XCTest.framework */,
				30409BD817F9EDD500DD93A9 /* Other Frameworks */,
			);
			name = Frameworks;
			sourceTree = "<group>";
		};
		303FBECD1B66233A0083CF95 /* Products */ = {
			isa = PBXGroup;
			children = (
			);
			name = Products;
			sourceTree = "<group>";
		};
		303FBED61B6623400083CF95 /* Products */ = {
			isa = PBXGroup;
			children = (
				303FBEE01B6623400083CF95 /* dmucs */,
				303FBEE21B6623400083CF95 /* libcosmic.a */,
				303FBEE41B6623400083CF95 /* gethost */,
				303FBEE61B6623400083CF95 /* loadavg */,
				303FBEE81B6623400083CF95 /* monitor */,
				303FBEEA1B6623400083CF95 /* remhost */,
				303FBEEC1B6623400083CF95 /* addhost */,
			);
			name = Products;
			sourceTree = "<group>";
		};
		30409BD817F9EDD500DD93A9 /* Other Frameworks */ = {
			isa = PBXGroup;
			children = (
				30409BD917F9EDD500DD93A9 /* AppKit.framework */,
				30409BDA17F9EDD500DD93A9 /* CoreData.framework */,
				30409BDB17F9EDD500DD93A9 /* Foundation.framework */,
			);
			name = "Other Frameworks";
			sourceTree = "<group>";
		};
		30409BDC17F9EDD500DD93A9 /* DistCode */ = {
			isa = PBXGroup;
			children = (
				30DE23E21B6AA8D300A1A1E0 /* distccmon */,
				30DE23BC1B6AA49500A1A1E0 /* AppDelegate.h */,
				30DE23BD1B6AA49500A1A1E0 /* AppDelegate.m */,
				30995E2F1905DBF1000E2B90 /* AppDNA.sh */,
				30ED78D1180C6A3200F8B42E /* DOTabbar.h */,
				30ED78D2180C6A3200F8B42E /* DOTabbar.m */,
				30ED78D3180C6A3200F8B42E /* DOTabbarItemCell.h */,
				30ED78D4180C6A3200F8B42E /* DOTabbarItemCell.m */,
				30F3C433180B40BA00614C58 /* OBMenuBarWindow.h */,
				30F3C434180B40BA00614C58 /* OBMenuBarWindow.m */,
				30409BEB17F9EDD500DD93A9 /* MainMenu.xib */,
				30409BEE17F9EDD500DD93A9 /* Images.xcassets */,
				30409BDD17F9EDD500DD93A9 /* Supporting Files */,
				30C89C351B6B70670030068C /* DistCode.m */,
				30C89C371B6B707A0030068C /* DistCode.h */,
			);
			path = DistCode;
			sourceTree = "<group>";
		};
		30409BDD17F9EDD500DD93A9 /* Supporting Files */ = {
			isa = PBXGroup;
			children = (
				30C0A1E71B677FCB0042AEAB /* distccd */,
				30D257AB19241BAD0095502A /* dsa_pub.pem */,
				3013156B191FDFA900388D78 /* applications-system.svg */,
				3013156C191FDFA900388D78 /* computer.svg */,
				3013156D191FDFA900388D78 /* preferences-system-network.svg */,
				3013156E191FDFA900388D78 /* user-busy.svg */,
				3013156F191FDFA900388D78 /* user-online.svg */,
				30131570191FDFA900388D78 /* utilities-system-monitor.svg */,
				3047011618FC77FB00ADFCAF /* user-busy.png */,
				3047011718FC77FB00ADFCAF /* user-online.png */,
				30FAAB49181C2812002051EB /* AppIcon.icns */,
				30FAAB4A181C2812002051EB /* applications-system.icns */,
				30FAAB4B181C2812002051EB /* computer.icns */,
				30FAAB4C181C2812002051EB /* utilities-system-monitor.icns */,
				30F3C436180B43AB00614C58 /* vpn-512.png */,
				30143ECF18072AEE004B0B54 /* mac_client-512.png */,
				30409BDE17F9EDD500DD93A9 /* DistCode-Info.plist */,
				30409BDF17F9EDD500DD93A9 /* InfoPlist.strings */,
				30409BE217F9EDD500DD93A9 /* main.m */,
				30409BE417F9EDD500DD93A9 /* DistCode-Prefix.pch */,
				30409BE517F9EDD500DD93A9 /* Credits.rtf */,
				3032ECFE180D314B0069D360 /* Defaults.plist */,
			);
			name = "Supporting Files";
			sourceTree = "<group>";
		};
		309EE4751A73A4C600BF9EA5 /* DistClang */ = {
			isa = PBXGroup;
			children = (
				309EE4761A73A4C600BF9EA5 /* main.cpp */,
			);
			path = DistClang;
			sourceTree = "<group>";
		};
		30C0A1B31B677C0B0042AEAB /* Distcc 3.2 */ = {
			isa = PBXGroup;
			children = (
				30C0A1B41B677C0B0042AEAB /* Supporting Files */,
			);
			path = "Distcc 3.2";
			sourceTree = "<group>";
		};
		30C0A1B41B677C0B0042AEAB /* Supporting Files */ = {
			isa = PBXGroup;
			children = (
				30C0A1E61B677FCB0042AEAB /* distcc */,
				30C0A1D41B677C9C0042AEAB /* usr */,
				30C0A1D11B677C710042AEAB /* Distcc 3.2.strings */,
				30C0A1CC1B677C6C0042AEAB /* Distcc 3.2-Info.plist */,
				30C0A1CD1B677C6C0042AEAB /* Distcc 3.2.xcspec */,
				30C0A1CA1B677C640042AEAB /* version.plist */,
				30C0A1B51B677C0B0042AEAB /* Distcc 3.2-Info.plist */,
			);
			name = "Supporting Files";
			sourceTree = "<group>";
		};
		30D25793192413A40095502A /* Products */ = {
			isa = PBXGroup;
			children = (
				30D2579C192413A40095502A /* Sparkle.framework */,
				30D2579E192413A40095502A /* Sparkle Test App.app */,
				30D257A0192413A40095502A /* Sparkle Unit Tests.octest */,
				30D257A2192413A40095502A /* BinaryDelta */,
				30D257A4192413A40095502A /* Autoupdate.app */,
			);
			name = Products;
			sourceTree = "<group>";
		};
		30DE23E21B6AA8D300A1A1E0 /* distccmon */ = {
			isa = PBXGroup;
			children = (
				30DE23E31B6AA92A00A1A1E0 /* access.h */,
				30DE23E41B6AA92A00A1A1E0 /* auth.h */,
				30DE23E51B6AA92A00A1A1E0 /* bulk.h */,
				30DE23E61B6AA92A00A1A1E0 /* byte_swapping.h */,
				30DE23E71B6AA92A00A1A1E0 /* clinet.h */,
				30DE23E81B6AA92A00A1A1E0 /* compile.h */,
				30DE23E91B6AA92A00A1A1E0 /* config.h */,
				30DE23EA1B6AA92A00A1A1E0 /* cpp_dialect.h */,
				30DE23EB1B6AA92A00A1A1E0 /* daemon.h */,
				30DE23EC1B6AA92A00A1A1E0 /* distcc.h */,
				30DE23ED1B6AA92A00A1A1E0 /* dopt.h */,
				30DE23EE1B6AA92A00A1A1E0 /* dotd.h */,
				30DE23EF1B6AA92A00A1A1E0 /* emaillog.h */,
				30DE23F01B6AA92A00A1A1E0 /* exec.h */,
				30DE23F11B6AA92A00A1A1E0 /* exitcode.h */,
				30DE23F21B6AA92A00A1A1E0 /* fix_debug_info.h */,
				30DE23F31B6AA92A00A1A1E0 /* hosts.h */,
				30DE23F41B6AA92A00A1A1E0 /* implicit.h */,
				30DE23F51B6AA92A00A1A1E0 /* include_server_if.h */,
				30DE23F61B6AA92A00A1A1E0 /* lock.h */,
				30DE23F71B6AA92A00A1A1E0 /* mach_o_stub.h */,
				30DE23F81B6AA92A00A1A1E0 /* mon.h */,
				30DE23F91B6AA92A00A1A1E0 /* netutil.h */,
				30DE23FA1B6AA92A00A1A1E0 /* renderer.h */,
				30DE23FB1B6AA92A00A1A1E0 /* rpc.h */,
				30DE23FC1B6AA92A00A1A1E0 /* rslave.h */,
				30DE23FD1B6AA92A00A1A1E0 /* snprintf.h */,
				30DE23FE1B6AA92A00A1A1E0 /* srvnet.h */,
				30DE23FF1B6AA92A00A1A1E0 /* state.h */,
				30DE24001B6AA92A00A1A1E0 /* stats.h */,
				30DE24011B6AA92A00A1A1E0 /* stringmap.h */,
				30DE24021B6AA92A00A1A1E0 /* timefile.h */,
				30DE24031B6AA92A00A1A1E0 /* timeval.h */,
				30DE24041B6AA92A00A1A1E0 /* trace.h */,
				30DE24051B6AA92A00A1A1E0 /* types.h */,
				30DE24061B6AA92A00A1A1E0 /* util.h */,
				30DE24071B6AA92A00A1A1E0 /* va_copy.h */,
				30DE24081B6AA92A00A1A1E0 /* where.h */,
				30DE24091B6AA92A00A1A1E0 /* xci.h */,
				30DE240A1B6AA92A00A1A1E0 /* zeroconf.h */,
				30DE23C81B6AA8CC00A1A1E0 /* argutil.c */,
				30DE23C91B6AA8CC00A1A1E0 /* cleanup.c */,
				30DE23CA1B6AA8CC00A1A1E0 /* filename.c */,
				30DE23CB1B6AA8CC00A1A1E0 /* io.c */,
				30DE23CC1B6AA8CC00A1A1E0 /* mon.c */,
				30DE23CD1B6AA8CC00A1A1E0 /* netutil.c */,
				30DE23CE1B6AA8CC00A1A1E0 /* rpc.c */,
				30DE23CF1B6AA8CC00A1A1E0 /* snprintf.c */,
				30DE240B1B6AAA2200A1A1E0 /* state.c */,
				30DE23D11B6AA8CC00A1A1E0 /* tempfile.c */,
				30DE23D21B6AA8CC00A1A1E0 /* trace.c */,
				30DE23D31B6AA8CC00A1A1E0 /* traceenv.c */,
				30DE23D41B6AA8CC00A1A1E0 /* util.c */,
			);
			name = distccmon;
			sourceTree = "<group>";
		};
/* End PBXGroup section */

/* Begin PBXNativeTarget section */
		30409BD417F9EDD400DD93A9 /* DistCode */ = {
			isa = PBXNativeTarget;
			buildConfigurationList = 30409C0717F9EDD500DD93A9 /* Build configuration list for PBXNativeTarget "DistCode" */;
			buildPhases = (
				30409BD117F9EDD400DD93A9 /* Sources */,
				30409BD217F9EDD400DD93A9 /* Frameworks */,
				30409BD317F9EDD400DD93A9 /* Resources */,
				300D327B180360BD00EDD3BC /* CopyFiles */,
				30D257A8192413E90095502A /* CopyFiles */,
				30995E301905DBFB000E2B90 /* ShellScript */,
			);
			buildRules = (
			);
			dependencies = (
				30C0A1DA1B677F220042AEAB /* PBXTargetDependency */,
				303FBEEE1B6623930083CF95 /* PBXTargetDependency */,
				303FBEF01B6623930083CF95 /* PBXTargetDependency */,
				303FBEF21B6623930083CF95 /* PBXTargetDependency */,
				303FBEF41B6623930083CF95 /* PBXTargetDependency */,
				303FBEF61B6623930083CF95 /* PBXTargetDependency */,
				303FBEF81B6623930083CF95 /* PBXTargetDependency */,
				303FBEFA1B6623930083CF95 /* PBXTargetDependency */,
				30D257A6192413C60095502A /* PBXTargetDependency */,
			);
			name = DistCode;
			productName = Distcc;
			productReference = 30409BD517F9EDD400DD93A9 /* DistCode.app */;
			productType = "com.apple.product-type.application";
		};
		309EE4731A73A4C600BF9EA5 /* DistClang */ = {
			isa = PBXNativeTarget;
			buildConfigurationList = 309EE4781A73A4C600BF9EA5 /* Build configuration list for PBXNativeTarget "DistClang" */;
			buildPhases = (
				309EE4701A73A4C600BF9EA5 /* Sources */,
				309EE4711A73A4C600BF9EA5 /* Frameworks */,
				309EE4721A73A4C600BF9EA5 /* CopyFiles */,
			);
			buildRules = (
			);
			dependencies = (
			);
			name = DistClang;
			productName = DistClang;
			productReference = 309EE4741A73A4C600BF9EA5 /* DistClang */;
			productType = "com.apple.product-type.tool";
		};
		30C0A1B11B677C0A0042AEAB /* Distcc 3.2 */ = {
			isa = PBXNativeTarget;
			buildConfigurationList = 30C0A1BE1B677C0B0042AEAB /* Build configuration list for PBXNativeTarget "Distcc 3.2" */;
			buildPhases = (
				30C0A1AE1B677C0A0042AEAB /* Sources */,
				30C0A1AF1B677C0A0042AEAB /* Frameworks */,
				30C0A1B01B677C0A0042AEAB /* Resources */,
				30C0A1D61B677CBD0042AEAB /* CopyFiles */,
				30C0A1E41B677F9F0042AEAB /* CopyFiles */,
			);
			buildRules = (
			);
			dependencies = (
				30D66D6C1B6FE9B900FDCDDD /* PBXTargetDependency */,
				30D66D6A1B6FE9B500FDCDDD /* PBXTargetDependency */,
				30C0A1E31B677F8D0042AEAB /* PBXTargetDependency */,
			);
			name = "Distcc 3.2";
			productName = "Distcc 3.2";
			productReference = 30C0A1B21B677C0A0042AEAB /* Distcc 3.2.xcplugin */;
			productType = "com.apple.product-type.bundle";
		};
/* End PBXNativeTarget section */

/* Begin PBXProject section */
		303AA3C217E991060077FFC3 /* Project object */ = {
			isa = PBXProject;
			attributes = {
				LastUpgradeCheck = 0460;
				ORGANIZATIONNAME = marksatt;
				TargetAttributes = {
					309EE4731A73A4C600BF9EA5 = {
						CreatedOnToolsVersion = 6.1.1;
					};
					30C0A1B11B677C0A0042AEAB = {
						CreatedOnToolsVersion = 6.4;
					};
				};
			};
			buildConfigurationList = 303AA3C517E991060077FFC3 /* Build configuration list for PBXProject "DistCode" */;
			compatibilityVersion = "Xcode 3.2";
			developmentRegion = English;
			hasScannedForEncodings = 0;
			knownRegions = (
				en,
				Base,
				English,
			);
			mainGroup = 303AA3C117E991060077FFC3;
			productRefGroup = 303AA3CB17E991060077FFC3 /* Products */;
			projectDirPath = "";
			projectReferences = (
				{
					ProductGroup = 303FBECD1B66233A0083CF95 /* Products */;
					ProjectRef = 303FBECC1B66233A0083CF95 /* distcc-read-only.xcodeproj */;
				},
				{
					ProductGroup = 303FBED61B6623400083CF95 /* Products */;
					ProjectRef = 303FBED51B6623400083CF95 /* dmucs.xcodeproj */;
				},
				{
					ProductGroup = 30D25793192413A40095502A /* Products */;
					ProjectRef = 30D25792192413A40095502A /* Sparkle.xcodeproj */;
				},
			);
			projectRoot = "";
			targets = (
				30409BD417F9EDD400DD93A9 /* DistCode */,
				309EE4731A73A4C600BF9EA5 /* DistClang */,
				30C0A1B11B677C0A0042AEAB /* Distcc 3.2 */,
			);
		};
/* End PBXProject section */

/* Begin PBXReferenceProxy section */
		303FBEE01B6623400083CF95 /* dmucs */ = {
			isa = PBXReferenceProxy;
			fileType = "compiled.mach-o.executable";
			path = dmucs;
			remoteRef = 303FBEDF1B6623400083CF95 /* PBXContainerItemProxy */;
			sourceTree = BUILT_PRODUCTS_DIR;
		};
		303FBEE21B6623400083CF95 /* libcosmic.a */ = {
			isa = PBXReferenceProxy;
			fileType = archive.ar;
			path = libcosmic.a;
			remoteRef = 303FBEE11B6623400083CF95 /* PBXContainerItemProxy */;
			sourceTree = BUILT_PRODUCTS_DIR;
		};
		303FBEE41B6623400083CF95 /* gethost */ = {
			isa = PBXReferenceProxy;
			fileType = "compiled.mach-o.executable";
			path = gethost;
			remoteRef = 303FBEE31B6623400083CF95 /* PBXContainerItemProxy */;
			sourceTree = BUILT_PRODUCTS_DIR;
		};
		303FBEE61B6623400083CF95 /* loadavg */ = {
			isa = PBXReferenceProxy;
			fileType = "compiled.mach-o.executable";
			path = loadavg;
			remoteRef = 303FBEE51B6623400083CF95 /* PBXContainerItemProxy */;
			sourceTree = BUILT_PRODUCTS_DIR;
		};
		303FBEE81B6623400083CF95 /* monitor */ = {
			isa = PBXReferenceProxy;
			fileType = "compiled.mach-o.executable";
			path = monitor;
			remoteRef = 303FBEE71B6623400083CF95 /* PBXContainerItemProxy */;
			sourceTree = BUILT_PRODUCTS_DIR;
		};
		303FBEEA1B6623400083CF95 /* remhost */ = {
			isa = PBXReferenceProxy;
			fileType = "compiled.mach-o.executable";
			path = remhost;
			remoteRef = 303FBEE91B6623400083CF95 /* PBXContainerItemProxy */;
			sourceTree = BUILT_PRODUCTS_DIR;
		};
		303FBEEC1B6623400083CF95 /* addhost */ = {
			isa = PBXReferenceProxy;
			fileType = "compiled.mach-o.executable";
			path = addhost;
			remoteRef = 303FBEEB1B6623400083CF95 /* PBXContainerItemProxy */;
			sourceTree = BUILT_PRODUCTS_DIR;
		};
		30D2579C192413A40095502A /* Sparkle.framework */ = {
			isa = PBXReferenceProxy;
			fileType = wrapper.framework;
			path = Sparkle.framework;
			remoteRef = 30D2579B192413A40095502A /* PBXContainerItemProxy */;
			sourceTree = BUILT_PRODUCTS_DIR;
		};
		30D2579E192413A40095502A /* Sparkle Test App.app */ = {
			isa = PBXReferenceProxy;
			fileType = wrapper.application;
			path = "Sparkle Test App.app";
			remoteRef = 30D2579D192413A40095502A /* PBXContainerItemProxy */;
			sourceTree = BUILT_PRODUCTS_DIR;
		};
		30D257A0192413A40095502A /* Sparkle Unit Tests.octest */ = {
			isa = PBXReferenceProxy;
			fileType = wrapper.cfbundle;
			path = "Sparkle Unit Tests.octest";
			remoteRef = 30D2579F192413A40095502A /* PBXContainerItemProxy */;
			sourceTree = BUILT_PRODUCTS_DIR;
		};
		30D257A2192413A40095502A /* BinaryDelta */ = {
			isa = PBXReferenceProxy;
			fileType = "compiled.mach-o.executable";
			path = BinaryDelta;
			remoteRef = 30D257A1192413A40095502A /* PBXContainerItemProxy */;
			sourceTree = BUILT_PRODUCTS_DIR;
		};
		30D257A4192413A40095502A /* Autoupdate.app */ = {
			isa = PBXReferenceProxy;
			fileType = wrapper.application;
			path = Autoupdate.app;
			remoteRef = 30D257A3192413A40095502A /* PBXContainerItemProxy */;
			sourceTree = BUILT_PRODUCTS_DIR;
		};
/* End PBXReferenceProxy section */

/* Begin PBXResourcesBuildPhase section */
		30409BD317F9EDD400DD93A9 /* Resources */ = {
			isa = PBXResourcesBuildPhase;
			buildActionMask = 2147483647;
			files = (
				30C0A1DB1B677F370042AEAB /* Distcc 3.2.xcplugin in Resources */,
				30131574191FDFA900388D78 /* user-busy.svg in Resources */,
				30131576191FDFA900388D78 /* utilities-system-monitor.svg in Resources */,
				30131575191FDFA900388D78 /* user-online.svg in Resources */,
				3047011818FC77FB00ADFCAF /* user-busy.png in Resources */,
				30FAAB40181C27E3002051EB /* Images.xcassets in Resources */,
				3047011918FC77FB00ADFCAF /* user-online.png in Resources */,
				30D257AC19241BAD0095502A /* dsa_pub.pem in Resources */,
				30409BE117F9EDD500DD93A9 /* InfoPlist.strings in Resources */,
				30FAAB4E181C2812002051EB /* applications-system.icns in Resources */,
				30143ED018072AEE004B0B54 /* mac_client-512.png in Resources */,
				30409BE717F9EDD500DD93A9 /* Credits.rtf in Resources */,
				3032ECFF180D314B0069D360 /* Defaults.plist in Resources */,
				30131572191FDFA900388D78 /* computer.svg in Resources */,
				30F3C437180B43AB00614C58 /* vpn-512.png in Resources */,
				30FAAB3A181C26D3002051EB /* MainMenu.xib in Resources */,
				30131571191FDFA900388D78 /* applications-system.svg in Resources */,
				30FAAB50181C2812002051EB /* utilities-system-monitor.icns in Resources */,
				30FAAB4F181C2812002051EB /* computer.icns in Resources */,
				30131573191FDFA900388D78 /* preferences-system-network.svg in Resources */,
				30FAAB4D181C2812002051EB /* AppIcon.icns in Resources */,
			);
			runOnlyForDeploymentPostprocessing = 0;
		};
		30C0A1B01B677C0A0042AEAB /* Resources */ = {
			isa = PBXResourcesBuildPhase;
			buildActionMask = 2147483647;
			files = (
				30C0A1CF1B677C6C0042AEAB /* Distcc 3.2.xcspec in Resources */,
				30C0A1D31B677C710042AEAB /* Distcc 3.2.strings in Resources */,
			);
			runOnlyForDeploymentPostprocessing = 0;
		};
/* End PBXResourcesBuildPhase section */

/* Begin PBXShellScriptBuildPhase section */
		30995E301905DBFB000E2B90 /* ShellScript */ = {
			isa = PBXShellScriptBuildPhase;
			buildActionMask = 2147483647;
			files = (
			);
			inputPaths = (
			);
			outputPaths = (
			);
			runOnlyForDeploymentPostprocessing = 0;
			shellPath = /bin/sh;
			shellScript = "bash AppDNA.sh";
		};
/* End PBXShellScriptBuildPhase section */

/* Begin PBXSourcesBuildPhase section */
		30409BD117F9EDD400DD93A9 /* Sources */ = {
			isa = PBXSourcesBuildPhase;
			buildActionMask = 2147483647;
			files = (
				30DE23D91B6AA8CC00A1A1E0 /* mon.c in Sources */,
				30DE23DE1B6AA8CC00A1A1E0 /* tempfile.c in Sources */,
				30DE23E11B6AA8CC00A1A1E0 /* util.c in Sources */,
				30DE23DC1B6AA8CC00A1A1E0 /* snprintf.c in Sources */,
				30DE23DB1B6AA8CC00A1A1E0 /* rpc.c in Sources */,
				30DE23D51B6AA8CC00A1A1E0 /* argutil.c in Sources */,
				30DE23DA1B6AA8CC00A1A1E0 /* netutil.c in Sources */,
				30C89C361B6B70670030068C /* DistCode.m in Sources */,
				30DE23D61B6AA8CC00A1A1E0 /* cleanup.c in Sources */,
				30ED78D5180C6A3200F8B42E /* DOTabbar.m in Sources */,
				30F3C435180B40BA00614C58 /* OBMenuBarWindow.m in Sources */,
				30DE23D81B6AA8CC00A1A1E0 /* io.c in Sources */,
				30DE23E01B6AA8CC00A1A1E0 /* traceenv.c in Sources */,
				30DE23D71B6AA8CC00A1A1E0 /* filename.c in Sources */,
				30409BE317F9EDD500DD93A9 /* main.m in Sources */,
				30ED78D6180C6A3200F8B42E /* DOTabbarItemCell.m in Sources */,
				30DE240C1B6AAA2200A1A1E0 /* state.c in Sources */,
				30DE23DF1B6AA8CC00A1A1E0 /* trace.c in Sources */,
				30DE23BE1B6AA49500A1A1E0 /* AppDelegate.m in Sources */,
			);
			runOnlyForDeploymentPostprocessing = 0;
		};
		309EE4701A73A4C600BF9EA5 /* Sources */ = {
			isa = PBXSourcesBuildPhase;
			buildActionMask = 2147483647;
			files = (
				309EE4771A73A4C600BF9EA5 /* main.cpp in Sources */,
			);
			runOnlyForDeploymentPostprocessing = 0;
		};
		30C0A1AE1B677C0A0042AEAB /* Sources */ = {
			isa = PBXSourcesBuildPhase;
			buildActionMask = 2147483647;
			files = (
			);
			runOnlyForDeploymentPostprocessing = 0;
		};
/* End PBXSourcesBuildPhase section */

/* Begin PBXTargetDependency section */
		303FBEEE1B6623930083CF95 /* PBXTargetDependency */ = {
			isa = PBXTargetDependency;
			name = dmucs;
			targetProxy = 303FBEED1B6623930083CF95 /* PBXContainerItemProxy */;
		};
		303FBEF01B6623930083CF95 /* PBXTargetDependency */ = {
			isa = PBXTargetDependency;
			name = gethost;
			targetProxy = 303FBEEF1B6623930083CF95 /* PBXContainerItemProxy */;
		};
		303FBEF21B6623930083CF95 /* PBXTargetDependency */ = {
			isa = PBXTargetDependency;
			name = loadavg;
			targetProxy = 303FBEF11B6623930083CF95 /* PBXContainerItemProxy */;
		};
		303FBEF41B6623930083CF95 /* PBXTargetDependency */ = {
			isa = PBXTargetDependency;
			name = monitor;
			targetProxy = 303FBEF31B6623930083CF95 /* PBXContainerItemProxy */;
		};
		303FBEF61B6623930083CF95 /* PBXTargetDependency */ = {
			isa = PBXTargetDependency;
			name = remhost;
			targetProxy = 303FBEF51B6623930083CF95 /* PBXContainerItemProxy */;
		};
		303FBEF81B6623930083CF95 /* PBXTargetDependency */ = {
			isa = PBXTargetDependency;
			name = addhost;
			targetProxy = 303FBEF71B6623930083CF95 /* PBXContainerItemProxy */;
		};
		303FBEFA1B6623930083CF95 /* PBXTargetDependency */ = {
			isa = PBXTargetDependency;
			name = "distcc-read-only";
			targetProxy = 303FBEF91B6623930083CF95 /* PBXContainerItemProxy */;
		};
		30C0A1DA1B677F220042AEAB /* PBXTargetDependency */ = {
			isa = PBXTargetDependency;
			target = 30C0A1B11B677C0A0042AEAB /* Distcc 3.2 */;
			targetProxy = 30C0A1D91B677F220042AEAB /* PBXContainerItemProxy */;
		};
		30C0A1E31B677F8D0042AEAB /* PBXTargetDependency */ = {
			isa = PBXTargetDependency;
			target = 309EE4731A73A4C600BF9EA5 /* DistClang */;
			targetProxy = 30C0A1E21B677F8D0042AEAB /* PBXContainerItemProxy */;
		};
		30D257A6192413C60095502A /* PBXTargetDependency */ = {
			isa = PBXTargetDependency;
			name = Sparkle;
			targetProxy = 30D257A5192413C60095502A /* PBXContainerItemProxy */;
		};
		30D66D6A1B6FE9B500FDCDDD /* PBXTargetDependency */ = {
			isa = PBXTargetDependency;
			name = gethost;
			targetProxy = 30D66D691B6FE9B500FDCDDD /* PBXContainerItemProxy */;
		};
		30D66D6C1B6FE9B900FDCDDD /* PBXTargetDependency */ = {
			isa = PBXTargetDependency;
			name = "distcc-read-only";
			targetProxy = 30D66D6B1B6FE9B900FDCDDD /* PBXContainerItemProxy */;
		};
/* End PBXTargetDependency section */

/* Begin PBXVariantGroup section */
		30409BDF17F9EDD500DD93A9 /* InfoPlist.strings */ = {
			isa = PBXVariantGroup;
			children = (
				30409BE017F9EDD500DD93A9 /* en */,
			);
			name = InfoPlist.strings;
			sourceTree = "<group>";
		};
		30409BE517F9EDD500DD93A9 /* Credits.rtf */ = {
			isa = PBXVariantGroup;
			children = (
				30409BE617F9EDD500DD93A9 /* en */,
			);
			name = Credits.rtf;
			sourceTree = "<group>";
		};
		30409BEB17F9EDD500DD93A9 /* MainMenu.xib */ = {
			isa = PBXVariantGroup;
			children = (
				30409BEC17F9EDD500DD93A9 /* Base */,
			);
			name = MainMenu.xib;
			sourceTree = "<group>";
		};
		30C0A1D11B677C710042AEAB /* Distcc 3.2.strings */ = {
			isa = PBXVariantGroup;
			children = (
				30C0A1D21B677C710042AEAB /* English */,
			);
			name = "Distcc 3.2.strings";
			path = English.lproj;
			sourceTree = "<group>";
		};
/* End PBXVariantGroup section */

/* Begin XCBuildConfiguration section */
		303AA3DB17E991060077FFC3 /* Debug */ = {
			isa = XCBuildConfiguration;
			buildSettings = {
				ALWAYS_SEARCH_USER_PATHS = NO;
				ARCHS = "$(ARCHS_STANDARD_64_BIT)";
				CLANG_CXX_LANGUAGE_STANDARD = "gnu++0x";
				CLANG_CXX_LIBRARY = "libc++";
				CLANG_WARN_CONSTANT_CONVERSION = YES;
				CLANG_WARN_EMPTY_BODY = YES;
				CLANG_WARN_ENUM_CONVERSION = YES;
				CLANG_WARN_INT_CONVERSION = YES;
				CLANG_WARN__DUPLICATE_METHOD_MATCH = YES;
				COPY_PHASE_STRIP = NO;
				GCC_C_LANGUAGE_STANDARD = gnu99;
				GCC_DYNAMIC_NO_PIC = NO;
				GCC_ENABLE_OBJC_EXCEPTIONS = YES;
				GCC_OPTIMIZATION_LEVEL = 0;
				GCC_PREPROCESSOR_DEFINITIONS = (
					"DEBUG=1",
					"$(inherited)",
				);
				GCC_SYMBOLS_PRIVATE_EXTERN = NO;
				GCC_WARN_64_TO_32_BIT_CONVERSION = YES;
				GCC_WARN_ABOUT_RETURN_TYPE = YES;
				GCC_WARN_UNINITIALIZED_AUTOS = YES;
				GCC_WARN_UNUSED_VARIABLE = YES;
				ONLY_ACTIVE_ARCH = YES;
				SDKROOT = macosx;
			};
			name = Debug;
		};
		303AA3DC17E991060077FFC3 /* Release */ = {
			isa = XCBuildConfiguration;
			buildSettings = {
				ALWAYS_SEARCH_USER_PATHS = NO;
				ARCHS = "$(ARCHS_STANDARD_64_BIT)";
				CLANG_CXX_LANGUAGE_STANDARD = "gnu++0x";
				CLANG_CXX_LIBRARY = "libc++";
				CLANG_WARN_CONSTANT_CONVERSION = YES;
				CLANG_WARN_EMPTY_BODY = YES;
				CLANG_WARN_ENUM_CONVERSION = YES;
				CLANG_WARN_INT_CONVERSION = YES;
				CLANG_WARN__DUPLICATE_METHOD_MATCH = YES;
				COPY_PHASE_STRIP = YES;
				DEBUG_INFORMATION_FORMAT = "dwarf-with-dsym";
				GCC_C_LANGUAGE_STANDARD = gnu99;
				GCC_ENABLE_OBJC_EXCEPTIONS = YES;
				GCC_WARN_64_TO_32_BIT_CONVERSION = YES;
				GCC_WARN_ABOUT_RETURN_TYPE = YES;
				GCC_WARN_UNINITIALIZED_AUTOS = YES;
				GCC_WARN_UNUSED_VARIABLE = YES;
				SDKROOT = macosx;
			};
			name = Release;
		};
		30409C0217F9EDD500DD93A9 /* Debug */ = {
			isa = XCBuildConfiguration;
			buildSettings = {
				ASSETCATALOG_COMPILER_APPICON_NAME = AppIcon;
				CLANG_ENABLE_MODULES = YES;
				CLANG_ENABLE_OBJC_ARC = YES;
				CLANG_WARN_BOOL_CONVERSION = YES;
				CLANG_WARN_DIRECT_OBJC_ISA_USAGE = YES_ERROR;
				CLANG_WARN_OBJC_ROOT_CLASS = YES_ERROR;
				COMBINE_HIDPI_IMAGES = YES;
				GCC_PRECOMPILE_PREFIX_HEADER = YES;
				GCC_PREFIX_HEADER = "DistCode/DistCode-Prefix.pch";
				GCC_PREPROCESSOR_DEFINITIONS = (
					"DEBUG=1",
					"$(inherited)",
				);
				GCC_WARN_ABOUT_RETURN_TYPE = YES_ERROR;
				GCC_WARN_UNDECLARED_SELECTOR = YES;
				GCC_WARN_UNUSED_FUNCTION = YES;
				HEADER_SEARCH_PATHS = (
					"$(inherited)",
					/Applications/Xcode.app/Contents/Developer/Toolchains/XcodeDefault.xctoolchain/usr/include,
					"\"$(PROJECT_DIR)/icecream/bin/include\"",
					"\"$(PROJECT_DIR)/distcc/src\"",
				);
				INFOPLIST_FILE = "DistCode/DistCode-Info.plist";
				LD_RUNPATH_SEARCH_PATHS = "$(inherited) @executable_path/../Frameworks";
				LIBRARY_SEARCH_PATHS = (
					"$(inherited)",
					"$(PROJECT_DIR)/icecream/bin/lib",
					"$(PROJECT_DIR)/DistCode",
					"$(USER_LIBRARY_DIR)/Developer/Xcode/DerivedData/DistCode-gpnsjqzlcwljeaciyfjsvoabhbxg/Build/Products/Release",
					"\"$(PROJECT_DIR)/distcc/src\"",
				);
				MACOSX_DEPLOYMENT_TARGET = 10.10;
				PRODUCT_NAME = "$(TARGET_NAME)";
				WRAPPER_EXTENSION = app;
			};
			name = Debug;
		};
		30409C0317F9EDD500DD93A9 /* Release */ = {
			isa = XCBuildConfiguration;
			buildSettings = {
				ASSETCATALOG_COMPILER_APPICON_NAME = AppIcon;
				CLANG_ENABLE_MODULES = YES;
				CLANG_ENABLE_OBJC_ARC = YES;
				CLANG_WARN_BOOL_CONVERSION = YES;
				CLANG_WARN_DIRECT_OBJC_ISA_USAGE = YES_ERROR;
				CLANG_WARN_OBJC_ROOT_CLASS = YES_ERROR;
				COMBINE_HIDPI_IMAGES = YES;
				ENABLE_NS_ASSERTIONS = NO;
				GCC_PRECOMPILE_PREFIX_HEADER = YES;
				GCC_PREFIX_HEADER = "DistCode/DistCode-Prefix.pch";
				GCC_WARN_ABOUT_RETURN_TYPE = YES_ERROR;
				GCC_WARN_UNDECLARED_SELECTOR = YES;
				GCC_WARN_UNUSED_FUNCTION = YES;
				HEADER_SEARCH_PATHS = (
					"$(inherited)",
					/Applications/Xcode.app/Contents/Developer/Toolchains/XcodeDefault.xctoolchain/usr/include,
					"\"$(PROJECT_DIR)/icecream/bin/include\"",
					"\"$(PROJECT_DIR)/distcc/src\"",
				);
				INFOPLIST_FILE = "DistCode/DistCode-Info.plist";
				LD_RUNPATH_SEARCH_PATHS = "$(inherited) @executable_path/../Frameworks";
				LIBRARY_SEARCH_PATHS = (
					"$(inherited)",
					"$(PROJECT_DIR)/icecream/bin/lib",
					"$(PROJECT_DIR)/DistCode",
					"$(USER_LIBRARY_DIR)/Developer/Xcode/DerivedData/DistCode-gpnsjqzlcwljeaciyfjsvoabhbxg/Build/Products/Release",
					"\"$(PROJECT_DIR)/distcc/src\"",
				);
				MACOSX_DEPLOYMENT_TARGET = 10.10;
				PRODUCT_NAME = "$(TARGET_NAME)";
				WRAPPER_EXTENSION = app;
			};
			name = Release;
		};
		309EE4791A73A4C600BF9EA5 /* Debug */ = {
			isa = XCBuildConfiguration;
			buildSettings = {
				CLANG_ENABLE_MODULES = YES;
				CLANG_ENABLE_OBJC_ARC = YES;
				CLANG_WARN_BOOL_CONVERSION = YES;
				CLANG_WARN_DIRECT_OBJC_ISA_USAGE = YES_ERROR;
				CLANG_WARN_OBJC_ROOT_CLASS = YES_ERROR;
				CLANG_WARN_UNREACHABLE_CODE = YES;
				ENABLE_STRICT_OBJC_MSGSEND = YES;
				GCC_PREPROCESSOR_DEFINITIONS = (
					"DEBUG=1",
					"$(inherited)",
				);
				GCC_WARN_ABOUT_RETURN_TYPE = YES_ERROR;
				GCC_WARN_UNDECLARED_SELECTOR = YES;
				GCC_WARN_UNINITIALIZED_AUTOS = YES_AGGRESSIVE;
				GCC_WARN_UNUSED_FUNCTION = YES;
				MACOSX_DEPLOYMENT_TARGET = 10.10;
				MTL_ENABLE_DEBUG_INFO = YES;
				PRODUCT_NAME = "$(TARGET_NAME)";
			};
			name = Debug;
		};
		309EE47A1A73A4C600BF9EA5 /* Release */ = {
			isa = XCBuildConfiguration;
			buildSettings = {
				CLANG_ENABLE_MODULES = YES;
				CLANG_ENABLE_OBJC_ARC = YES;
				CLANG_WARN_BOOL_CONVERSION = YES;
				CLANG_WARN_DIRECT_OBJC_ISA_USAGE = YES_ERROR;
				CLANG_WARN_OBJC_ROOT_CLASS = YES_ERROR;
				CLANG_WARN_UNREACHABLE_CODE = YES;
				ENABLE_NS_ASSERTIONS = NO;
				ENABLE_STRICT_OBJC_MSGSEND = YES;
				GCC_WARN_ABOUT_RETURN_TYPE = YES_ERROR;
				GCC_WARN_UNDECLARED_SELECTOR = YES;
				GCC_WARN_UNINITIALIZED_AUTOS = YES_AGGRESSIVE;
				GCC_WARN_UNUSED_FUNCTION = YES;
				MACOSX_DEPLOYMENT_TARGET = 10.10;
				MTL_ENABLE_DEBUG_INFO = NO;
				PRODUCT_NAME = "$(TARGET_NAME)";
			};
			name = Release;
		};
		30C0A1B61B677C0B0042AEAB /* Debug */ = {
			isa = XCBuildConfiguration;
			buildSettings = {
				CLANG_ENABLE_OBJC_ARC = YES;
				CLANG_WARN_BOOL_CONVERSION = YES;
				CLANG_WARN_DIRECT_OBJC_ISA_USAGE = YES_ERROR;
				CLANG_WARN_OBJC_ROOT_CLASS = YES_ERROR;
				CLANG_WARN_UNREACHABLE_CODE = YES;
				COMBINE_HIDPI_IMAGES = YES;
				DEBUG_INFORMATION_FORMAT = dwarf;
				ENABLE_STRICT_OBJC_MSGSEND = YES;
				GCC_NO_COMMON_BLOCKS = YES;
				GCC_PREPROCESSOR_DEFINITIONS = (
					"DEBUG=1",
					"$(inherited)",
				);
				GCC_WARN_ABOUT_RETURN_TYPE = YES_ERROR;
				GCC_WARN_UNDECLARED_SELECTOR = YES;
				GCC_WARN_UNINITIALIZED_AUTOS = YES_AGGRESSIVE;
				GCC_WARN_UNUSED_FUNCTION = YES;
				INFOPLIST_FILE = "Distcc 3.2/Distcc 3.2-Info.plist";
				INSTALL_PATH = "$(LOCAL_LIBRARY_DIR)/Bundles";
				MACOSX_DEPLOYMENT_TARGET = 10.10;
				MTL_ENABLE_DEBUG_INFO = YES;
				PRODUCT_NAME = "$(TARGET_NAME)";
				SKIP_INSTALL = YES;
				WRAPPER_EXTENSION = xcplugin;
			};
			name = Debug;
		};
		30C0A1B71B677C0B0042AEAB /* Release */ = {
			isa = XCBuildConfiguration;
			buildSettings = {
				CLANG_ENABLE_OBJC_ARC = YES;
				CLANG_WARN_BOOL_CONVERSION = YES;
				CLANG_WARN_DIRECT_OBJC_ISA_USAGE = YES_ERROR;
				CLANG_WARN_OBJC_ROOT_CLASS = YES_ERROR;
				CLANG_WARN_UNREACHABLE_CODE = YES;
				COMBINE_HIDPI_IMAGES = YES;
				COPY_PHASE_STRIP = NO;
				ENABLE_NS_ASSERTIONS = NO;
				ENABLE_STRICT_OBJC_MSGSEND = YES;
				GCC_NO_COMMON_BLOCKS = YES;
				GCC_WARN_ABOUT_RETURN_TYPE = YES_ERROR;
				GCC_WARN_UNDECLARED_SELECTOR = YES;
				GCC_WARN_UNINITIALIZED_AUTOS = YES_AGGRESSIVE;
				GCC_WARN_UNUSED_FUNCTION = YES;
				INFOPLIST_FILE = "Distcc 3.2/Distcc 3.2-Info.plist";
				INSTALL_PATH = "$(LOCAL_LIBRARY_DIR)/Bundles";
				MACOSX_DEPLOYMENT_TARGET = 10.10;
				MTL_ENABLE_DEBUG_INFO = NO;
				PRODUCT_NAME = "$(TARGET_NAME)";
				SKIP_INSTALL = YES;
				WRAPPER_EXTENSION = xcplugin;
			};
			name = Release;
		};
/* End XCBuildConfiguration section */

/* Begin XCConfigurationList section */
		303AA3C517E991060077FFC3 /* Build configuration list for PBXProject "DistCode" */ = {
			isa = XCConfigurationList;
			buildConfigurations = (
				303AA3DB17E991060077FFC3 /* Debug */,
				303AA3DC17E991060077FFC3 /* Release */,
			);
			defaultConfigurationIsVisible = 0;
			defaultConfigurationName = Release;
		};
		30409C0717F9EDD500DD93A9 /* Build configuration list for PBXNativeTarget "DistCode" */ = {
			isa = XCConfigurationList;
			buildConfigurations = (
				30409C0217F9EDD500DD93A9 /* Debug */,
				30409C0317F9EDD500DD93A9 /* Release */,
			);
			defaultConfigurationIsVisible = 0;
			defaultConfigurationName = Release;
		};
		309EE4781A73A4C600BF9EA5 /* Build configuration list for PBXNativeTarget "DistClang" */ = {
			isa = XCConfigurationList;
			buildConfigurations = (
				309EE4791A73A4C600BF9EA5 /* Debug */,
				309EE47A1A73A4C600BF9EA5 /* Release */,
			);
			defaultConfigurationIsVisible = 0;
			defaultConfigurationName = Release;
		};
		30C0A1BE1B677C0B0042AEAB /* Build configuration list for PBXNativeTarget "Distcc 3.2" */ = {
			isa = XCConfigurationList;
			buildConfigurations = (
				30C0A1B61B677C0B0042AEAB /* Debug */,
				30C0A1B71B677C0B0042AEAB /* Release */,
			);
			defaultConfigurationIsVisible = 0;
			defaultConfigurationName = Release;
		};
/* End XCConfigurationList section */
	};
	rootObject = 303AA3C217E991060077FFC3 /* Project object */;
}
