// !$*UTF8*$!
{
	archiveVersion = 1;
	classes = {
	};
	objectVersion = 46;
	objects = {

/* Begin PBXBuildFile section */
		30131571191FDFA900388D78 /* applications-system.svg in Resources */ = {isa = PBXBuildFile; fileRef = 3013156B191FDFA900388D78 /* applications-system.svg */; };
		30131572191FDFA900388D78 /* computer.svg in Resources */ = {isa = PBXBuildFile; fileRef = 3013156C191FDFA900388D78 /* computer.svg */; };
		30131573191FDFA900388D78 /* preferences-system-network.svg in Resources */ = {isa = PBXBuildFile; fileRef = 3013156D191FDFA900388D78 /* preferences-system-network.svg */; };
		30131574191FDFA900388D78 /* user-busy.svg in Resources */ = {isa = PBXBuildFile; fileRef = 3013156E191FDFA900388D78 /* user-busy.svg */; };
		30131575191FDFA900388D78 /* user-online.svg in Resources */ = {isa = PBXBuildFile; fileRef = 3013156F191FDFA900388D78 /* user-online.svg */; };
		30131576191FDFA900388D78 /* utilities-system-monitor.svg in Resources */ = {isa = PBXBuildFile; fileRef = 30131570191FDFA900388D78 /* utilities-system-monitor.svg */; };
		30143ED018072AEE004B0B54 /* mac_client-512.png in Resources */ = {isa = PBXBuildFile; fileRef = 30143ECF18072AEE004B0B54 /* mac_client-512.png */; };
		3032ECFF180D314B0069D360 /* Defaults.plist in Resources */ = {isa = PBXBuildFile; fileRef = 3032ECFE180D314B0069D360 /* Defaults.plist */; };
		30409BD717F9EDD500DD93A9 /* Cocoa.framework in Frameworks */ = {isa = PBXBuildFile; fileRef = 30409BD617F9EDD500DD93A9 /* Cocoa.framework */; };
		30409BE117F9EDD500DD93A9 /* InfoPlist.strings in Resources */ = {isa = PBXBuildFile; fileRef = 30409BDF17F9EDD500DD93A9 /* InfoPlist.strings */; };
		30409BE317F9EDD500DD93A9 /* main.m in Sources */ = {isa = PBXBuildFile; fileRef = 30409BE217F9EDD500DD93A9 /* main.m */; };
		30409BE717F9EDD500DD93A9 /* Credits.rtf in Resources */ = {isa = PBXBuildFile; fileRef = 30409BE517F9EDD500DD93A9 /* Credits.rtf */; };
		3047011818FC77FB00ADFCAF /* user-busy.png in Resources */ = {isa = PBXBuildFile; fileRef = 3047011618FC77FB00ADFCAF /* user-busy.png */; };
		3047011918FC77FB00ADFCAF /* user-online.png in Resources */ = {isa = PBXBuildFile; fileRef = 3047011718FC77FB00ADFCAF /* user-online.png */; };
		3097A99A1A6E7A5C009CA971 /* DistCode.swift in Sources */ = {isa = PBXBuildFile; fileRef = 3097A9991A6E7A5C009CA971 /* DistCode.swift */; };
		309E06CF1A714BEE004AB735 /* main.cpp in Sources */ = {isa = PBXBuildFile; fileRef = 309E06CE1A714BEE004AB735 /* main.cpp */; };
		309E06DA1A714D19004AB735 /* Security.framework in Frameworks */ = {isa = PBXBuildFile; fileRef = 309E06D91A714D19004AB735 /* Security.framework */; };
		309EE4771A73A4C600BF9EA5 /* main.cpp in Sources */ = {isa = PBXBuildFile; fileRef = 309EE4761A73A4C600BF9EA5 /* main.cpp */; };
		309EE47E1A73A5F000BF9EA5 /* DistClang in CopyFiles */ = {isa = PBXBuildFile; fileRef = 309EE4741A73A4C600BF9EA5 /* DistClang */; settings = {ATTRIBUTES = (CodeSignOnCopy, ); }; };
		30A3232F1A71B5E70035C1DD /* Icecc.xcspec in Resources */ = {isa = PBXBuildFile; fileRef = 30A3232D1A71B5E70035C1DD /* Icecc.xcspec */; };
		30A323331A71B6030035C1DD /* Icecc.strings in Resources */ = {isa = PBXBuildFile; fileRef = 30A323311A71B6030035C1DD /* Icecc.strings */; };
		30A323371A71B6480035C1DD /* version.plist in CopyFiles */ = {isa = PBXBuildFile; fileRef = 30A3232E1A71B5E70035C1DD /* version.plist */; };
		30A323381A71B64A0035C1DD /* usr in CopyFiles */ = {isa = PBXBuildFile; fileRef = 30A323341A71B6230035C1DD /* usr */; };
		30A3233F1A71B6FF0035C1DD /* DistServerDaemon in CopyFiles */ = {isa = PBXBuildFile; fileRef = 309E06CC1A714BEE004AB735 /* DistServerDaemon */; settings = {ATTRIBUTES = (CodeSignOnCopy, ); }; };
		30A323401A71B70A0035C1DD /* Icecc.xcplugin in Resources */ = {isa = PBXBuildFile; fileRef = 30A323261A71B5690035C1DD /* Icecc.xcplugin */; };
		30A3234C1A71B7B40035C1DD /* bin in CopyFiles */ = {isa = PBXBuildFile; fileRef = 30A323421A71B7830035C1DD /* bin */; };
		30A3234D1A71B7B40035C1DD /* include in CopyFiles */ = {isa = PBXBuildFile; fileRef = 30A323431A71B7830035C1DD /* include */; };
		30A3234E1A71B7B40035C1DD /* lib in CopyFiles */ = {isa = PBXBuildFile; fileRef = 30A323441A71B7830035C1DD /* lib */; };
		30A3234F1A71B7B40035C1DD /* libexec in CopyFiles */ = {isa = PBXBuildFile; fileRef = 30A323451A71B7830035C1DD /* libexec */; };
		30A323501A71B7B40035C1DD /* sbin in CopyFiles */ = {isa = PBXBuildFile; fileRef = 30A323461A71B7830035C1DD /* sbin */; };
		30A332B01A754C360007B555 /* CoreFoundation.framework in Frameworks */ = {isa = PBXBuildFile; fileRef = 3084B09B18FF0CB7003C64F2 /* CoreFoundation.framework */; };
		30B38D181A9B2940003FE7E3 /* IceCode.mm in Sources */ = {isa = PBXBuildFile; fileRef = 30B38D171A9B2940003FE7E3 /* IceCode.mm */; };
		30BC420F1A8CA82D0079195B /* libicecc.a in Frameworks */ = {isa = PBXBuildFile; fileRef = 30BC42091A8CA7150079195B /* libicecc.a */; };
		30C5A956180DBD1500599060 /* ServiceManagement.framework in Frameworks */ = {isa = PBXBuildFile; fileRef = 30C5A955180DBD1500599060 /* ServiceManagement.framework */; };
		30C9C75E1AAD002F00A100C2 /* main.cpp in Sources */ = {isa = PBXBuildFile; fileRef = 30C9C75D1AAD002F00A100C2 /* main.cpp */; };
		30C9C7661AAD01F100A100C2 /* killice in CopyFiles */ = {isa = PBXBuildFile; fileRef = 30C9C75B1AAD002F00A100C2 /* killice */; settings = {ATTRIBUTES = (CodeSignOnCopy, ); }; };
		30CCC9901AB4E44000CD219B /* liblzo2.a in Frameworks */ = {isa = PBXBuildFile; fileRef = 30CCC98F1AB4E44000CD219B /* liblzo2.a */; };
		30CCC9921AB4E48A00CD219B /* liblzo2.a in CopyFiles */ = {isa = PBXBuildFile; fileRef = 30CCC9911AB4E48A00CD219B /* liblzo2.a */; };
		30D257A7192413DC0095502A /* Sparkle.framework in Frameworks */ = {isa = PBXBuildFile; fileRef = 30D2579C192413A40095502A /* Sparkle.framework */; };
		30D257A9192413F70095502A /* Sparkle.framework in CopyFiles */ = {isa = PBXBuildFile; fileRef = 30D2579C192413A40095502A /* Sparkle.framework */; };
		30D257AC19241BAD0095502A /* dsa_pub.pem in Resources */ = {isa = PBXBuildFile; fileRef = 30D257AB19241BAD0095502A /* dsa_pub.pem */; };
		30ED78D5180C6A3200F8B42E /* DOTabbar.m in Sources */ = {isa = PBXBuildFile; fileRef = 30ED78D2180C6A3200F8B42E /* DOTabbar.m */; };
		30ED78D6180C6A3200F8B42E /* DOTabbarItemCell.m in Sources */ = {isa = PBXBuildFile; fileRef = 30ED78D4180C6A3200F8B42E /* DOTabbarItemCell.m */; };
		30F3C435180B40BA00614C58 /* OBMenuBarWindow.m in Sources */ = {isa = PBXBuildFile; fileRef = 30F3C434180B40BA00614C58 /* OBMenuBarWindow.m */; };
		30F3C437180B43AB00614C58 /* vpn-512.png in Resources */ = {isa = PBXBuildFile; fileRef = 30F3C436180B43AB00614C58 /* vpn-512.png */; };
		30FAAB3A181C26D3002051EB /* MainMenu.xib in Resources */ = {isa = PBXBuildFile; fileRef = 30409BEB17F9EDD500DD93A9 /* MainMenu.xib */; };
		30FAAB40181C27E3002051EB /* Images.xcassets in Resources */ = {isa = PBXBuildFile; fileRef = 30409BEE17F9EDD500DD93A9 /* Images.xcassets */; };
		30FAAB4D181C2812002051EB /* AppIcon.icns in Resources */ = {isa = PBXBuildFile; fileRef = 30FAAB49181C2812002051EB /* AppIcon.icns */; };
		30FAAB4E181C2812002051EB /* applications-system.icns in Resources */ = {isa = PBXBuildFile; fileRef = 30FAAB4A181C2812002051EB /* applications-system.icns */; };
		30FAAB4F181C2812002051EB /* computer.icns in Resources */ = {isa = PBXBuildFile; fileRef = 30FAAB4B181C2812002051EB /* computer.icns */; };
		30FAAB50181C2812002051EB /* utilities-system-monitor.icns in Resources */ = {isa = PBXBuildFile; fileRef = 30FAAB4C181C2812002051EB /* utilities-system-monitor.icns */; };
/* End PBXBuildFile section */

/* Begin PBXContainerItemProxy section */
		309EE47B1A73A5CB00BF9EA5 /* PBXContainerItemProxy */ = {
			isa = PBXContainerItemProxy;
			containerPortal = 303AA3C217E991060077FFC3 /* Project object */;
			proxyType = 1;
			remoteGlobalIDString = 309EE4731A73A4C600BF9EA5;
			remoteInfo = DistClang;
		};
		30A323391A71B6770035C1DD /* PBXContainerItemProxy */ = {
			isa = PBXContainerItemProxy;
			containerPortal = 303AA3C217E991060077FFC3 /* Project object */;
			proxyType = 1;
			remoteGlobalIDString = 30A323251A71B5690035C1DD;
			remoteInfo = Icecc;
		};
		30A3233B1A71B6810035C1DD /* PBXContainerItemProxy */ = {
			isa = PBXContainerItemProxy;
			containerPortal = 30AD39A61A70F2D200E61F9F /* icecream.xcodeproj */;
			proxyType = 1;
			remoteGlobalIDString = 30AD398A1A70F2A500E61F9F;
			remoteInfo = icecream;
		};
		30A3233D1A71B6F30035C1DD /* PBXContainerItemProxy */ = {
			isa = PBXContainerItemProxy;
			containerPortal = 303AA3C217E991060077FFC3 /* Project object */;
			proxyType = 1;
			remoteGlobalIDString = 309E06CB1A714BEE004AB735;
			remoteInfo = DistServerDaemon;
		};
		30C9C7621AAD007C00A100C2 /* PBXContainerItemProxy */ = {
			isa = PBXContainerItemProxy;
			containerPortal = 303AA3C217E991060077FFC3 /* Project object */;
			proxyType = 1;
			remoteGlobalIDString = 30C9C75A1AAD002F00A100C2;
			remoteInfo = killice;
		};
		30D2579B192413A40095502A /* PBXContainerItemProxy */ = {
			isa = PBXContainerItemProxy;
			containerPortal = 30D25792192413A40095502A /* Sparkle.xcodeproj */;
			proxyType = 2;
			remoteGlobalIDString = 8DC2EF5B0486A6940098B216;
			remoteInfo = Sparkle;
		};
		30D2579D192413A40095502A /* PBXContainerItemProxy */ = {
			isa = PBXContainerItemProxy;
			containerPortal = 30D25792192413A40095502A /* Sparkle.xcodeproj */;
			proxyType = 2;
			remoteGlobalIDString = 61B5F90209C4CEE200B25A18;
			remoteInfo = "Sparkle Test App";
		};
		30D2579F192413A40095502A /* PBXContainerItemProxy */ = {
			isa = PBXContainerItemProxy;
			containerPortal = 30D25792192413A40095502A /* Sparkle.xcodeproj */;
			proxyType = 2;
			remoteGlobalIDString = 612279D90DB5470200AB99EA;
			remoteInfo = "Sparkle Unit Tests";
		};
		30D257A1192413A40095502A /* PBXContainerItemProxy */ = {
			isa = PBXContainerItemProxy;
			containerPortal = 30D25792192413A40095502A /* Sparkle.xcodeproj */;
			proxyType = 2;
			remoteGlobalIDString = 5D06E8D00FD68C7C005AE3F6;
			remoteInfo = BinaryDelta;
		};
		30D257A3192413A40095502A /* PBXContainerItemProxy */ = {
			isa = PBXContainerItemProxy;
			containerPortal = 30D25792192413A40095502A /* Sparkle.xcodeproj */;
			proxyType = 2;
			remoteGlobalIDString = 55C14BB7136EEF1500649790;
			remoteInfo = finish_installation;
		};
		30D257A5192413C60095502A /* PBXContainerItemProxy */ = {
			isa = PBXContainerItemProxy;
			containerPortal = 30D25792192413A40095502A /* Sparkle.xcodeproj */;
			proxyType = 1;
			remoteGlobalIDString = 8DC2EF4F0486A6940098B216;
			remoteInfo = Sparkle;
		};
/* End PBXContainerItemProxy section */

/* Begin PBXCopyFilesBuildPhase section */
		300D327B180360BD00EDD3BC /* CopyFiles */ = {
			isa = PBXCopyFilesBuildPhase;
			buildActionMask = 2147483647;
			dstPath = "";
			dstSubfolderSpec = 6;
			files = (
				30A3233F1A71B6FF0035C1DD /* DistServerDaemon in CopyFiles */,
			);
			runOnlyForDeploymentPostprocessing = 0;
		};
		309E06CA1A714BEE004AB735 /* CopyFiles */ = {
			isa = PBXCopyFilesBuildPhase;
			buildActionMask = 2147483647;
			dstPath = /usr/share/man/man1/;
			dstSubfolderSpec = 0;
			files = (
			);
			runOnlyForDeploymentPostprocessing = 1;
		};
		309EE4721A73A4C600BF9EA5 /* CopyFiles */ = {
			isa = PBXCopyFilesBuildPhase;
			buildActionMask = 2147483647;
			dstPath = /usr/share/man/man1/;
			dstSubfolderSpec = 0;
			files = (
			);
			runOnlyForDeploymentPostprocessing = 1;
		};
		309EE47D1A73A5DC00BF9EA5 /* CopyFiles */ = {
			isa = PBXCopyFilesBuildPhase;
			buildActionMask = 2147483647;
			dstPath = Contents/usr/bin;
			dstSubfolderSpec = 1;
			files = (
				309EE47E1A73A5F000BF9EA5 /* DistClang in CopyFiles */,
			);
			runOnlyForDeploymentPostprocessing = 0;
		};
		30A323361A71B6390035C1DD /* CopyFiles */ = {
			isa = PBXCopyFilesBuildPhase;
			buildActionMask = 2147483647;
			dstPath = Contents;
			dstSubfolderSpec = 1;
			files = (
				30A323371A71B6480035C1DD /* version.plist in CopyFiles */,
				30A323381A71B64A0035C1DD /* usr in CopyFiles */,
			);
			runOnlyForDeploymentPostprocessing = 0;
		};
		30A323411A71B7520035C1DD /* CopyFiles */ = {
			isa = PBXCopyFilesBuildPhase;
			buildActionMask = 2147483647;
			dstPath = Contents/usr;
			dstSubfolderSpec = 1;
			files = (
				30A3234C1A71B7B40035C1DD /* bin in CopyFiles */,
				30A3234D1A71B7B40035C1DD /* include in CopyFiles */,
				30A3234E1A71B7B40035C1DD /* lib in CopyFiles */,
				30A3234F1A71B7B40035C1DD /* libexec in CopyFiles */,
				30A323501A71B7B40035C1DD /* sbin in CopyFiles */,
			);
			runOnlyForDeploymentPostprocessing = 0;
		};
		30C9C7591AAD002F00A100C2 /* CopyFiles */ = {
			isa = PBXCopyFilesBuildPhase;
			buildActionMask = 2147483647;
			dstPath = /usr/share/man/man1/;
			dstSubfolderSpec = 0;
			files = (
			);
			runOnlyForDeploymentPostprocessing = 1;
		};
		30C9C7651AAD01E400A100C2 /* CopyFiles */ = {
			isa = PBXCopyFilesBuildPhase;
			buildActionMask = 2147483647;
			dstPath = Contents/usr/sbin;
			dstSubfolderSpec = 1;
			files = (
				30C9C7661AAD01F100A100C2 /* killice in CopyFiles */,
			);
			runOnlyForDeploymentPostprocessing = 0;
		};
		30D257A8192413E90095502A /* CopyFiles */ = {
			isa = PBXCopyFilesBuildPhase;
			buildActionMask = 2147483647;
			dstPath = "";
			dstSubfolderSpec = 10;
			files = (
				30D257A9192413F70095502A /* Sparkle.framework in CopyFiles */,
			);
			runOnlyForDeploymentPostprocessing = 0;
		};
		30F75F271AB4E368006D169B /* CopyFiles */ = {
			isa = PBXCopyFilesBuildPhase;
			buildActionMask = 2147483647;
			dstPath = ../Release;
			dstSubfolderSpec = 16;
			files = (
				30CCC9921AB4E48A00CD219B /* liblzo2.a in CopyFiles */,
			);
			runOnlyForDeploymentPostprocessing = 0;
		};
/* End PBXCopyFilesBuildPhase section */

/* Begin PBXFileReference section */
		3013156B191FDFA900388D78 /* applications-system.svg */ = {isa = PBXFileReference; fileEncoding = 4; lastKnownFileType = text.xml; path = "applications-system.svg"; sourceTree = "<group>"; };
		3013156C191FDFA900388D78 /* computer.svg */ = {isa = PBXFileReference; fileEncoding = 4; lastKnownFileType = text.xml; path = computer.svg; sourceTree = "<group>"; };
		3013156D191FDFA900388D78 /* preferences-system-network.svg */ = {isa = PBXFileReference; fileEncoding = 4; lastKnownFileType = text.xml; path = "preferences-system-network.svg"; sourceTree = "<group>"; };
		3013156E191FDFA900388D78 /* user-busy.svg */ = {isa = PBXFileReference; fileEncoding = 4; lastKnownFileType = text.xml; path = "user-busy.svg"; sourceTree = "<group>"; };
		3013156F191FDFA900388D78 /* user-online.svg */ = {isa = PBXFileReference; fileEncoding = 4; lastKnownFileType = text.xml; path = "user-online.svg"; sourceTree = "<group>"; };
		30131570191FDFA900388D78 /* utilities-system-monitor.svg */ = {isa = PBXFileReference; fileEncoding = 4; lastKnownFileType = text.xml; path = "utilities-system-monitor.svg"; sourceTree = "<group>"; };
		30143ECF18072AEE004B0B54 /* mac_client-512.png */ = {isa = PBXFileReference; lastKnownFileType = image.png; path = "mac_client-512.png"; sourceTree = "<group>"; };
		3032ECFE180D314B0069D360 /* Defaults.plist */ = {isa = PBXFileReference; fileEncoding = 4; lastKnownFileType = text.plist.xml; path = Defaults.plist; sourceTree = "<group>"; };
		303AA3CD17E991060077FFC3 /* AppKit.framework */ = {isa = PBXFileReference; lastKnownFileType = wrapper.framework; name = AppKit.framework; path = System/Library/Frameworks/AppKit.framework; sourceTree = SDKROOT; };
		303AA3CF17E991060077FFC3 /* Foundation.framework */ = {isa = PBXFileReference; lastKnownFileType = wrapper.framework; name = Foundation.framework; path = System/Library/Frameworks/Foundation.framework; sourceTree = SDKROOT; };
		30409BD517F9EDD400DD93A9 /* DistCode.app */ = {isa = PBXFileReference; explicitFileType = wrapper.application; includeInIndex = 0; path = DistCode.app; sourceTree = BUILT_PRODUCTS_DIR; };
		30409BD617F9EDD500DD93A9 /* Cocoa.framework */ = {isa = PBXFileReference; lastKnownFileType = wrapper.framework; name = Cocoa.framework; path = System/Library/Frameworks/Cocoa.framework; sourceTree = SDKROOT; };
		30409BD917F9EDD500DD93A9 /* AppKit.framework */ = {isa = PBXFileReference; lastKnownFileType = wrapper.framework; name = AppKit.framework; path = System/Library/Frameworks/AppKit.framework; sourceTree = SDKROOT; };
		30409BDA17F9EDD500DD93A9 /* CoreData.framework */ = {isa = PBXFileReference; lastKnownFileType = wrapper.framework; name = CoreData.framework; path = System/Library/Frameworks/CoreData.framework; sourceTree = SDKROOT; };
		30409BDB17F9EDD500DD93A9 /* Foundation.framework */ = {isa = PBXFileReference; lastKnownFileType = wrapper.framework; name = Foundation.framework; path = System/Library/Frameworks/Foundation.framework; sourceTree = SDKROOT; };
		30409BDE17F9EDD500DD93A9 /* DistCode-Info.plist */ = {isa = PBXFileReference; lastKnownFileType = text.plist.xml; path = "DistCode-Info.plist"; sourceTree = "<group>"; };
		30409BE017F9EDD500DD93A9 /* en */ = {isa = PBXFileReference; lastKnownFileType = text.plist.strings; name = en; path = en.lproj/InfoPlist.strings; sourceTree = "<group>"; };
		30409BE217F9EDD500DD93A9 /* main.m */ = {isa = PBXFileReference; lastKnownFileType = sourcecode.c.objc; path = main.m; sourceTree = "<group>"; };
		30409BE417F9EDD500DD93A9 /* DistCode-Prefix.pch */ = {isa = PBXFileReference; lastKnownFileType = sourcecode.c.h; path = "DistCode-Prefix.pch"; sourceTree = "<group>"; };
		30409BE617F9EDD500DD93A9 /* en */ = {isa = PBXFileReference; lastKnownFileType = text.rtf; name = en; path = en.lproj/Credits.rtf; sourceTree = "<group>"; };
		30409BEC17F9EDD500DD93A9 /* Base */ = {isa = PBXFileReference; lastKnownFileType = file.xib; name = Base; path = Base.lproj/MainMenu.xib; sourceTree = "<group>"; };
		30409BEE17F9EDD500DD93A9 /* Images.xcassets */ = {isa = PBXFileReference; lastKnownFileType = folder.assetcatalog; path = Images.xcassets; sourceTree = "<group>"; };
		30409BF517F9EDD500DD93A9 /* XCTest.framework */ = {isa = PBXFileReference; lastKnownFileType = wrapper.framework; name = XCTest.framework; path = Library/Frameworks/XCTest.framework; sourceTree = DEVELOPER_DIR; };
		3047011618FC77FB00ADFCAF /* user-busy.png */ = {isa = PBXFileReference; lastKnownFileType = image.png; path = "user-busy.png"; sourceTree = "<group>"; };
		3047011718FC77FB00ADFCAF /* user-online.png */ = {isa = PBXFileReference; lastKnownFileType = image.png; path = "user-online.png"; sourceTree = "<group>"; };
		3084B09B18FF0CB7003C64F2 /* CoreFoundation.framework */ = {isa = PBXFileReference; lastKnownFileType = wrapper.framework; name = CoreFoundation.framework; path = System/Library/Frameworks/CoreFoundation.framework; sourceTree = SDKROOT; };
		3097A9981A6E7A5C009CA971 /* DistCode-Bridging-Header.h */ = {isa = PBXFileReference; lastKnownFileType = sourcecode.c.h; path = "DistCode-Bridging-Header.h"; sourceTree = "<group>"; };
		3097A9991A6E7A5C009CA971 /* DistCode.swift */ = {isa = PBXFileReference; fileEncoding = 4; lastKnownFileType = sourcecode.swift; path = DistCode.swift; sourceTree = "<group>"; };
		30995E2F1905DBF1000E2B90 /* AppDNA.sh */ = {isa = PBXFileReference; lastKnownFileType = text.script.sh; path = AppDNA.sh; sourceTree = SOURCE_ROOT; };
		309E06CC1A714BEE004AB735 /* DistServerDaemon */ = {isa = PBXFileReference; explicitFileType = "compiled.mach-o.executable"; includeInIndex = 0; path = DistServerDaemon; sourceTree = BUILT_PRODUCTS_DIR; };
		309E06CE1A714BEE004AB735 /* main.cpp */ = {isa = PBXFileReference; lastKnownFileType = sourcecode.cpp.cpp; path = main.cpp; sourceTree = "<group>"; };
		309E06D91A714D19004AB735 /* Security.framework */ = {isa = PBXFileReference; lastKnownFileType = wrapper.framework; name = Security.framework; path = System/Library/Frameworks/Security.framework; sourceTree = SDKROOT; };
		309EE4741A73A4C600BF9EA5 /* DistClang */ = {isa = PBXFileReference; explicitFileType = "compiled.mach-o.executable"; includeInIndex = 0; path = DistClang; sourceTree = BUILT_PRODUCTS_DIR; };
		309EE4761A73A4C600BF9EA5 /* main.cpp */ = {isa = PBXFileReference; lastKnownFileType = sourcecode.cpp.cpp; path = main.cpp; sourceTree = "<group>"; };
		30A323261A71B5690035C1DD /* Icecc.xcplugin */ = {isa = PBXFileReference; explicitFileType = wrapper.cfbundle; includeInIndex = 0; path = Icecc.xcplugin; sourceTree = BUILT_PRODUCTS_DIR; };
		30A323291A71B5690035C1DD /* Info.plist */ = {isa = PBXFileReference; lastKnownFileType = text.plist.xml; path = Info.plist; sourceTree = "<group>"; };
		30A3232D1A71B5E70035C1DD /* Icecc.xcspec */ = {isa = PBXFileReference; lastKnownFileType = text.plist.xcspec; path = Icecc.xcspec; sourceTree = "<group>"; };
		30A3232E1A71B5E70035C1DD /* version.plist */ = {isa = PBXFileReference; lastKnownFileType = text.plist.xml; path = version.plist; sourceTree = "<group>"; };
		30A323321A71B6030035C1DD /* English */ = {isa = PBXFileReference; lastKnownFileType = text.plist.strings; name = English; path = English.lproj/Icecc.strings; sourceTree = "<group>"; };
		30A323341A71B6230035C1DD /* usr */ = {isa = PBXFileReference; lastKnownFileType = folder; path = usr; sourceTree = "<group>"; };
		30A323421A71B7830035C1DD /* bin */ = {isa = PBXFileReference; lastKnownFileType = folder; name = bin; path = ../icecream/bin/bin; sourceTree = "<group>"; };
		30A323431A71B7830035C1DD /* include */ = {isa = PBXFileReference; lastKnownFileType = folder; name = include; path = ../icecream/bin/include; sourceTree = "<group>"; };
		30A323441A71B7830035C1DD /* lib */ = {isa = PBXFileReference; lastKnownFileType = folder; name = lib; path = ../icecream/bin/lib; sourceTree = "<group>"; };
		30A323451A71B7830035C1DD /* libexec */ = {isa = PBXFileReference; lastKnownFileType = folder; name = libexec; path = ../icecream/bin/libexec; sourceTree = "<group>"; };
		30A323461A71B7830035C1DD /* sbin */ = {isa = PBXFileReference; lastKnownFileType = folder; name = sbin; path = ../icecream/bin/sbin; sourceTree = "<group>"; };
		30A323741A71B9390035C1DD /* lzo-2.08.xcodeproj */ = {isa = PBXFileReference; lastKnownFileType = "wrapper.pb-project"; name = "lzo-2.08.xcodeproj"; path = "lzo-2.08/lzo-2.08.xcodeproj"; sourceTree = "<group>"; };
		30A3B3D21A9E5F350095966C /* liblzo2.2.dylib */ = {isa = PBXFileReference; lastKnownFileType = "compiled.mach-o.dylib"; name = liblzo2.2.dylib; path = icecream/bin/lib/liblzo2.2.dylib; sourceTree = "<group>"; };
		30A3B3D91A9E5F4B0095966C /* liblzo2.2.dylib */ = {isa = PBXFileReference; lastKnownFileType = "compiled.mach-o.dylib"; name = liblzo2.2.dylib; path = icecream/bin/lib/liblzo2.2.dylib; sourceTree = "<group>"; };
		30AD39A61A70F2D200E61F9F /* icecream.xcodeproj */ = {isa = PBXFileReference; lastKnownFileType = "wrapper.pb-project"; name = icecream.xcodeproj; path = icecream/icecream.xcodeproj; sourceTree = "<group>"; };
		30B38D171A9B2940003FE7E3 /* IceCode.mm */ = {isa = PBXFileReference; fileEncoding = 4; lastKnownFileType = sourcecode.cpp.objcpp; path = IceCode.mm; sourceTree = "<group>"; };
		30B38D1E1A9B2951003FE7E3 /* IceCode.h */ = {isa = PBXFileReference; lastKnownFileType = sourcecode.c.h; path = IceCode.h; sourceTree = "<group>"; };
		30BC42091A8CA7150079195B /* libicecc.a */ = {isa = PBXFileReference; lastKnownFileType = archive.ar; name = libicecc.a; path = icecream/bin/lib/libicecc.a; sourceTree = "<group>"; };
		30C5A955180DBD1500599060 /* ServiceManagement.framework */ = {isa = PBXFileReference; lastKnownFileType = wrapper.framework; name = ServiceManagement.framework; path = System/Library/Frameworks/ServiceManagement.framework; sourceTree = SDKROOT; };
		30C9C75B1AAD002F00A100C2 /* killice */ = {isa = PBXFileReference; explicitFileType = "compiled.mach-o.executable"; includeInIndex = 0; path = killice; sourceTree = BUILT_PRODUCTS_DIR; };
		30C9C75D1AAD002F00A100C2 /* main.cpp */ = {isa = PBXFileReference; lastKnownFileType = sourcecode.cpp.cpp; path = main.cpp; sourceTree = "<group>"; };
		30CCC98F1AB4E44000CD219B /* liblzo2.a */ = {isa = PBXFileReference; lastKnownFileType = archive.ar; name = liblzo2.a; path = ../Release/liblzo2.a; sourceTree = BUILT_PRODUCTS_DIR; };
		30CCC9911AB4E48A00CD219B /* liblzo2.a */ = {isa = PBXFileReference; lastKnownFileType = archive.ar; name = liblzo2.a; path = "lzo-2.08/bin/lib/liblzo2.a"; sourceTree = "<group>"; };
		30D25792192413A40095502A /* Sparkle.xcodeproj */ = {isa = PBXFileReference; lastKnownFileType = "wrapper.pb-project"; name = Sparkle.xcodeproj; path = Sparkle/Sparkle.xcodeproj; sourceTree = "<group>"; };
		30D257AB19241BAD0095502A /* dsa_pub.pem */ = {isa = PBXFileReference; fileEncoding = 4; lastKnownFileType = text; path = dsa_pub.pem; sourceTree = "<group>"; };
		30ED78D1180C6A3200F8B42E /* DOTabbar.h */ = {isa = PBXFileReference; fileEncoding = 4; lastKnownFileType = sourcecode.c.h; path = DOTabbar.h; sourceTree = "<group>"; };
		30ED78D2180C6A3200F8B42E /* DOTabbar.m */ = {isa = PBXFileReference; fileEncoding = 4; lastKnownFileType = sourcecode.c.objc; path = DOTabbar.m; sourceTree = "<group>"; };
		30ED78D3180C6A3200F8B42E /* DOTabbarItemCell.h */ = {isa = PBXFileReference; fileEncoding = 4; lastKnownFileType = sourcecode.c.h; path = DOTabbarItemCell.h; sourceTree = "<group>"; };
		30ED78D4180C6A3200F8B42E /* DOTabbarItemCell.m */ = {isa = PBXFileReference; fileEncoding = 4; lastKnownFileType = sourcecode.c.objc; path = DOTabbarItemCell.m; sourceTree = "<group>"; };
		30F3C433180B40BA00614C58 /* OBMenuBarWindow.h */ = {isa = PBXFileReference; fileEncoding = 4; lastKnownFileType = sourcecode.c.h; path = OBMenuBarWindow.h; sourceTree = "<group>"; };
		30F3C434180B40BA00614C58 /* OBMenuBarWindow.m */ = {isa = PBXFileReference; fileEncoding = 4; lastKnownFileType = sourcecode.c.objc; path = OBMenuBarWindow.m; sourceTree = "<group>"; };
		30F3C436180B43AB00614C58 /* vpn-512.png */ = {isa = PBXFileReference; lastKnownFileType = image.png; path = "vpn-512.png"; sourceTree = "<group>"; };
		30FAAB49181C2812002051EB /* AppIcon.icns */ = {isa = PBXFileReference; lastKnownFileType = image.icns; path = AppIcon.icns; sourceTree = "<group>"; };
		30FAAB4A181C2812002051EB /* applications-system.icns */ = {isa = PBXFileReference; lastKnownFileType = image.icns; path = "applications-system.icns"; sourceTree = "<group>"; };
		30FAAB4B181C2812002051EB /* computer.icns */ = {isa = PBXFileReference; lastKnownFileType = image.icns; path = computer.icns; sourceTree = "<group>"; };
		30FAAB4C181C2812002051EB /* utilities-system-monitor.icns */ = {isa = PBXFileReference; lastKnownFileType = image.icns; path = "utilities-system-monitor.icns"; sourceTree = "<group>"; };
/* End PBXFileReference section */

/* Begin PBXFrameworksBuildPhase section */
		30409BD217F9EDD400DD93A9 /* Frameworks */ = {
			isa = PBXFrameworksBuildPhase;
			buildActionMask = 2147483647;
			files = (
				30D257A7192413DC0095502A /* Sparkle.framework in Frameworks */,
				30C5A956180DBD1500599060 /* ServiceManagement.framework in Frameworks */,
				30CCC9901AB4E44000CD219B /* liblzo2.a in Frameworks */,
				30409BD717F9EDD500DD93A9 /* Cocoa.framework in Frameworks */,
				30BC420F1A8CA82D0079195B /* libicecc.a in Frameworks */,
			);
			runOnlyForDeploymentPostprocessing = 0;
		};
		309E06C91A714BEE004AB735 /* Frameworks */ = {
			isa = PBXFrameworksBuildPhase;
			buildActionMask = 2147483647;
			files = (
				309E06DA1A714D19004AB735 /* Security.framework in Frameworks */,
			);
			runOnlyForDeploymentPostprocessing = 0;
		};
		309EE4711A73A4C600BF9EA5 /* Frameworks */ = {
			isa = PBXFrameworksBuildPhase;
			buildActionMask = 2147483647;
			files = (
				30A332B01A754C360007B555 /* CoreFoundation.framework in Frameworks */,
			);
			runOnlyForDeploymentPostprocessing = 0;
		};
		30A323231A71B5690035C1DD /* Frameworks */ = {
			isa = PBXFrameworksBuildPhase;
			buildActionMask = 2147483647;
			files = (
			);
			runOnlyForDeploymentPostprocessing = 0;
		};
		30C9C7581AAD002F00A100C2 /* Frameworks */ = {
			isa = PBXFrameworksBuildPhase;
			buildActionMask = 2147483647;
			files = (
			);
			runOnlyForDeploymentPostprocessing = 0;
		};
/* End PBXFrameworksBuildPhase section */

/* Begin PBXGroup section */
		303AA3C117E991060077FFC3 = {
			isa = PBXGroup;
			children = (
				30A323741A71B9390035C1DD /* lzo-2.08.xcodeproj */,
				30AD39A61A70F2D200E61F9F /* icecream.xcodeproj */,
				30D25792192413A40095502A /* Sparkle.xcodeproj */,
				30409BDC17F9EDD500DD93A9 /* DistCode */,
				309E06CD1A714BEE004AB735 /* DistServerDaemon */,
				30A323271A71B5690035C1DD /* Icecc */,
				309EE4751A73A4C600BF9EA5 /* DistClang */,
				30C9C75C1AAD002F00A100C2 /* killice */,
				303AA3CC17E991060077FFC3 /* Frameworks */,
				303AA3CB17E991060077FFC3 /* Products */,
			);
			sourceTree = "<group>";
		};
		303AA3CB17E991060077FFC3 /* Products */ = {
			isa = PBXGroup;
			children = (
				30409BD517F9EDD400DD93A9 /* DistCode.app */,
				309E06CC1A714BEE004AB735 /* DistServerDaemon */,
				30A323261A71B5690035C1DD /* Icecc.xcplugin */,
				309EE4741A73A4C600BF9EA5 /* DistClang */,
				30C9C75B1AAD002F00A100C2 /* killice */,
			);
			name = Products;
			sourceTree = "<group>";
		};
		303AA3CC17E991060077FFC3 /* Frameworks */ = {
			isa = PBXGroup;
			children = (
				30CCC9911AB4E48A00CD219B /* liblzo2.a */,
				30CCC98F1AB4E44000CD219B /* liblzo2.a */,
				30A3B3D91A9E5F4B0095966C /* liblzo2.2.dylib */,
				30A3B3D21A9E5F350095966C /* liblzo2.2.dylib */,
				30BC42091A8CA7150079195B /* libicecc.a */,
				309E06D91A714D19004AB735 /* Security.framework */,
				3084B09B18FF0CB7003C64F2 /* CoreFoundation.framework */,
				30C5A955180DBD1500599060 /* ServiceManagement.framework */,
				303AA3CD17E991060077FFC3 /* AppKit.framework */,
				303AA3CF17E991060077FFC3 /* Foundation.framework */,
				30409BD617F9EDD500DD93A9 /* Cocoa.framework */,
				30409BF517F9EDD500DD93A9 /* XCTest.framework */,
				30409BD817F9EDD500DD93A9 /* Other Frameworks */,
			);
			name = Frameworks;
			sourceTree = "<group>";
		};
		30409BD817F9EDD500DD93A9 /* Other Frameworks */ = {
			isa = PBXGroup;
			children = (
				30409BD917F9EDD500DD93A9 /* AppKit.framework */,
				30409BDA17F9EDD500DD93A9 /* CoreData.framework */,
				30409BDB17F9EDD500DD93A9 /* Foundation.framework */,
			);
			name = "Other Frameworks";
			sourceTree = "<group>";
		};
		30409BDC17F9EDD500DD93A9 /* DistCode */ = {
			isa = PBXGroup;
			children = (
				30995E2F1905DBF1000E2B90 /* AppDNA.sh */,
				30ED78D1180C6A3200F8B42E /* DOTabbar.h */,
				30ED78D2180C6A3200F8B42E /* DOTabbar.m */,
				30ED78D3180C6A3200F8B42E /* DOTabbarItemCell.h */,
				30ED78D4180C6A3200F8B42E /* DOTabbarItemCell.m */,
				30F3C433180B40BA00614C58 /* OBMenuBarWindow.h */,
				30F3C434180B40BA00614C58 /* OBMenuBarWindow.m */,
				30409BEB17F9EDD500DD93A9 /* MainMenu.xib */,
				30409BEE17F9EDD500DD93A9 /* Images.xcassets */,
				30409BDD17F9EDD500DD93A9 /* Supporting Files */,
				3097A9991A6E7A5C009CA971 /* DistCode.swift */,
				3097A9981A6E7A5C009CA971 /* DistCode-Bridging-Header.h */,
				30B38D171A9B2940003FE7E3 /* IceCode.mm */,
				30B38D1E1A9B2951003FE7E3 /* IceCode.h */,
			);
			path = DistCode;
			sourceTree = "<group>";
		};
		30409BDD17F9EDD500DD93A9 /* Supporting Files */ = {
			isa = PBXGroup;
			children = (
				30D257AB19241BAD0095502A /* dsa_pub.pem */,
				3013156B191FDFA900388D78 /* applications-system.svg */,
				3013156C191FDFA900388D78 /* computer.svg */,
				3013156D191FDFA900388D78 /* preferences-system-network.svg */,
				3013156E191FDFA900388D78 /* user-busy.svg */,
				3013156F191FDFA900388D78 /* user-online.svg */,
				30131570191FDFA900388D78 /* utilities-system-monitor.svg */,
				3047011618FC77FB00ADFCAF /* user-busy.png */,
				3047011718FC77FB00ADFCAF /* user-online.png */,
				30FAAB49181C2812002051EB /* AppIcon.icns */,
				30FAAB4A181C2812002051EB /* applications-system.icns */,
				30FAAB4B181C2812002051EB /* computer.icns */,
				30FAAB4C181C2812002051EB /* utilities-system-monitor.icns */,
				30F3C436180B43AB00614C58 /* vpn-512.png */,
				30143ECF18072AEE004B0B54 /* mac_client-512.png */,
				30409BDE17F9EDD500DD93A9 /* DistCode-Info.plist */,
				30409BDF17F9EDD500DD93A9 /* InfoPlist.strings */,
				30409BE217F9EDD500DD93A9 /* main.m */,
				30409BE417F9EDD500DD93A9 /* DistCode-Prefix.pch */,
				30409BE517F9EDD500DD93A9 /* Credits.rtf */,
				3032ECFE180D314B0069D360 /* Defaults.plist */,
			);
			name = "Supporting Files";
			sourceTree = "<group>";
		};
		309E06CD1A714BEE004AB735 /* DistServerDaemon */ = {
			isa = PBXGroup;
			children = (
				309E06CE1A714BEE004AB735 /* main.cpp */,
			);
			path = DistServerDaemon;
			sourceTree = "<group>";
		};
		309EE4751A73A4C600BF9EA5 /* DistClang */ = {
			isa = PBXGroup;
			children = (
				309EE4761A73A4C600BF9EA5 /* main.cpp */,
			);
			path = DistClang;
			sourceTree = "<group>";
		};
		30A323271A71B5690035C1DD /* Icecc */ = {
			isa = PBXGroup;
			children = (
				30A323281A71B5690035C1DD /* Supporting Files */,
			);
			path = Icecc;
			sourceTree = "<group>";
		};
		30A323281A71B5690035C1DD /* Supporting Files */ = {
			isa = PBXGroup;
			children = (
				30A323421A71B7830035C1DD /* bin */,
				30A323431A71B7830035C1DD /* include */,
				30A323441A71B7830035C1DD /* lib */,
				30A323451A71B7830035C1DD /* libexec */,
				30A323461A71B7830035C1DD /* sbin */,
				30A323341A71B6230035C1DD /* usr */,
				30A323311A71B6030035C1DD /* Icecc.strings */,
				30A3232D1A71B5E70035C1DD /* Icecc.xcspec */,
				30A3232E1A71B5E70035C1DD /* version.plist */,
				30A323291A71B5690035C1DD /* Info.plist */,
			);
			name = "Supporting Files";
			sourceTree = "<group>";
		};
		30A323751A71B9390035C1DD /* Products */ = {
			isa = PBXGroup;
			children = (
			);
			name = Products;
			sourceTree = "<group>";
		};
		30AD39A71A70F2D200E61F9F /* Products */ = {
			isa = PBXGroup;
			children = (
			);
			name = Products;
			sourceTree = "<group>";
		};
		30C9C75C1AAD002F00A100C2 /* killice */ = {
			isa = PBXGroup;
			children = (
				30C9C75D1AAD002F00A100C2 /* main.cpp */,
			);
			path = killice;
			sourceTree = "<group>";
		};
		30D25793192413A40095502A /* Products */ = {
			isa = PBXGroup;
			children = (
				30D2579C192413A40095502A /* Sparkle.framework */,
				30D2579E192413A40095502A /* Sparkle Test App.app */,
				30D257A0192413A40095502A /* Sparkle Unit Tests.octest */,
				30D257A2192413A40095502A /* BinaryDelta */,
				30D257A4192413A40095502A /* Autoupdate.app */,
			);
			name = Products;
			sourceTree = "<group>";
		};
/* End PBXGroup section */

/* Begin PBXNativeTarget section */
		30409BD417F9EDD400DD93A9 /* DistCode */ = {
			isa = PBXNativeTarget;
			buildConfigurationList = 30409C0717F9EDD500DD93A9 /* Build configuration list for PBXNativeTarget "DistCode" */;
			buildPhases = (
				30F75F271AB4E368006D169B /* CopyFiles */,
				30409BD117F9EDD400DD93A9 /* Sources */,
				30409BD217F9EDD400DD93A9 /* Frameworks */,
				30409BD317F9EDD400DD93A9 /* Resources */,
				300D327B180360BD00EDD3BC /* CopyFiles */,
				30D257A8192413E90095502A /* CopyFiles */,
				30995E301905DBFB000E2B90 /* ShellScript */,
			);
			buildRules = (
			);
			dependencies = (
				30D257A6192413C60095502A /* PBXTargetDependency */,
				30A3233E1A71B6F30035C1DD /* PBXTargetDependency */,
				30A3233A1A71B6770035C1DD /* PBXTargetDependency */,
			);
			name = DistCode;
			productName = Distcc;
			productReference = 30409BD517F9EDD400DD93A9 /* DistCode.app */;
			productType = "com.apple.product-type.application";
		};
		309E06CB1A714BEE004AB735 /* DistServerDaemon */ = {
			isa = PBXNativeTarget;
			buildConfigurationList = 309E06D81A714BEE004AB735 /* Build configuration list for PBXNativeTarget "DistServerDaemon" */;
			buildPhases = (
				309E06C81A714BEE004AB735 /* Sources */,
				309E06C91A714BEE004AB735 /* Frameworks */,
				309E06CA1A714BEE004AB735 /* CopyFiles */,
			);
			buildRules = (
			);
			dependencies = (
			);
			name = DistServerDaemon;
			productName = DistServerDaemon;
			productReference = 309E06CC1A714BEE004AB735 /* DistServerDaemon */;
			productType = "com.apple.product-type.tool";
		};
		309EE4731A73A4C600BF9EA5 /* DistClang */ = {
			isa = PBXNativeTarget;
			buildConfigurationList = 309EE4781A73A4C600BF9EA5 /* Build configuration list for PBXNativeTarget "DistClang" */;
			buildPhases = (
				309EE4701A73A4C600BF9EA5 /* Sources */,
				309EE4711A73A4C600BF9EA5 /* Frameworks */,
				309EE4721A73A4C600BF9EA5 /* CopyFiles */,
			);
			buildRules = (
			);
			dependencies = (
			);
			name = DistClang;
			productName = DistClang;
			productReference = 309EE4741A73A4C600BF9EA5 /* DistClang */;
			productType = "com.apple.product-type.tool";
		};
		30A323251A71B5690035C1DD /* Icecc */ = {
			isa = PBXNativeTarget;
			buildConfigurationList = 30A3232A1A71B5690035C1DD /* Build configuration list for PBXNativeTarget "Icecc" */;
			buildPhases = (
				30A323221A71B5690035C1DD /* Sources */,
				30A323231A71B5690035C1DD /* Frameworks */,
				30A323241A71B5690035C1DD /* Resources */,
				30A323361A71B6390035C1DD /* CopyFiles */,
				30A323411A71B7520035C1DD /* CopyFiles */,
				309EE47D1A73A5DC00BF9EA5 /* CopyFiles */,
				30C9C7651AAD01E400A100C2 /* CopyFiles */,
				30C3DBB11AB25C36003113AF /* ShellScript */,
			);
			buildRules = (
			);
			dependencies = (
				30C9C7631AAD007C00A100C2 /* PBXTargetDependency */,
				309EE47C1A73A5CB00BF9EA5 /* PBXTargetDependency */,
				30A3233C1A71B6810035C1DD /* PBXTargetDependency */,
			);
			name = Icecc;
			productName = Icecc;
			productReference = 30A323261A71B5690035C1DD /* Icecc.xcplugin */;
			productType = "com.apple.product-type.bundle";
		};
		30C9C75A1AAD002F00A100C2 /* killice */ = {
			isa = PBXNativeTarget;
			buildConfigurationList = 30C9C75F1AAD003000A100C2 /* Build configuration list for PBXNativeTarget "killice" */;
			buildPhases = (
				30C9C7571AAD002F00A100C2 /* Sources */,
				30C9C7581AAD002F00A100C2 /* Frameworks */,
				30C9C7591AAD002F00A100C2 /* CopyFiles */,
			);
			buildRules = (
			);
			dependencies = (
			);
			name = killice;
			productName = killice;
			productReference = 30C9C75B1AAD002F00A100C2 /* killice */;
			productType = "com.apple.product-type.tool";
		};
/* End PBXNativeTarget section */

/* Begin PBXProject section */
		303AA3C217E991060077FFC3 /* Project object */ = {
			isa = PBXProject;
			attributes = {
				LastUpgradeCheck = 0460;
				ORGANIZATIONNAME = marksatt;
				TargetAttributes = {
					309E06CB1A714BEE004AB735 = {
						CreatedOnToolsVersion = 6.1.1;
					};
					309EE4731A73A4C600BF9EA5 = {
						CreatedOnToolsVersion = 6.1.1;
					};
					30A323251A71B5690035C1DD = {
						CreatedOnToolsVersion = 6.1.1;
					};
					30C9C75A1AAD002F00A100C2 = {
						CreatedOnToolsVersion = 6.1.1;
					};
				};
			};
			buildConfigurationList = 303AA3C517E991060077FFC3 /* Build configuration list for PBXProject "DistCode" */;
			compatibilityVersion = "Xcode 3.2";
			developmentRegion = English;
			hasScannedForEncodings = 0;
			knownRegions = (
				en,
				Base,
				English,
			);
			mainGroup = 303AA3C117E991060077FFC3;
			productRefGroup = 303AA3CB17E991060077FFC3 /* Products */;
			projectDirPath = "";
			projectReferences = (
				{
					ProductGroup = 30AD39A71A70F2D200E61F9F /* Products */;
					ProjectRef = 30AD39A61A70F2D200E61F9F /* icecream.xcodeproj */;
				},
				{
					ProductGroup = 30A323751A71B9390035C1DD /* Products */;
					ProjectRef = 30A323741A71B9390035C1DD /* lzo-2.08.xcodeproj */;
				},
				{
					ProductGroup = 30D25793192413A40095502A /* Products */;
					ProjectRef = 30D25792192413A40095502A /* Sparkle.xcodeproj */;
				},
			);
			projectRoot = "";
			targets = (
				30409BD417F9EDD400DD93A9 /* DistCode */,
				309E06CB1A714BEE004AB735 /* DistServerDaemon */,
				30A323251A71B5690035C1DD /* Icecc */,
				309EE4731A73A4C600BF9EA5 /* DistClang */,
				30C9C75A1AAD002F00A100C2 /* killice */,
			);
		};
/* End PBXProject section */

/* Begin PBXReferenceProxy section */
		30D2579C192413A40095502A /* Sparkle.framework */ = {
			isa = PBXReferenceProxy;
			fileType = wrapper.framework;
			path = Sparkle.framework;
			remoteRef = 30D2579B192413A40095502A /* PBXContainerItemProxy */;
			sourceTree = BUILT_PRODUCTS_DIR;
		};
		30D2579E192413A40095502A /* Sparkle Test App.app */ = {
			isa = PBXReferenceProxy;
			fileType = wrapper.application;
			path = "Sparkle Test App.app";
			remoteRef = 30D2579D192413A40095502A /* PBXContainerItemProxy */;
			sourceTree = BUILT_PRODUCTS_DIR;
		};
		30D257A0192413A40095502A /* Sparkle Unit Tests.octest */ = {
			isa = PBXReferenceProxy;
			fileType = wrapper.cfbundle;
			path = "Sparkle Unit Tests.octest";
			remoteRef = 30D2579F192413A40095502A /* PBXContainerItemProxy */;
			sourceTree = BUILT_PRODUCTS_DIR;
		};
		30D257A2192413A40095502A /* BinaryDelta */ = {
			isa = PBXReferenceProxy;
			fileType = "compiled.mach-o.executable";
			path = BinaryDelta;
			remoteRef = 30D257A1192413A40095502A /* PBXContainerItemProxy */;
			sourceTree = BUILT_PRODUCTS_DIR;
		};
		30D257A4192413A40095502A /* Autoupdate.app */ = {
			isa = PBXReferenceProxy;
			fileType = wrapper.application;
			path = Autoupdate.app;
			remoteRef = 30D257A3192413A40095502A /* PBXContainerItemProxy */;
			sourceTree = BUILT_PRODUCTS_DIR;
		};
/* End PBXReferenceProxy section */

/* Begin PBXResourcesBuildPhase section */
		30409BD317F9EDD400DD93A9 /* Resources */ = {
			isa = PBXResourcesBuildPhase;
			buildActionMask = 2147483647;
			files = (
				30A323401A71B70A0035C1DD /* Icecc.xcplugin in Resources */,
				30131574191FDFA900388D78 /* user-busy.svg in Resources */,
				30131576191FDFA900388D78 /* utilities-system-monitor.svg in Resources */,
				30131575191FDFA900388D78 /* user-online.svg in Resources */,
				3047011818FC77FB00ADFCAF /* user-busy.png in Resources */,
				30FAAB40181C27E3002051EB /* Images.xcassets in Resources */,
				3047011918FC77FB00ADFCAF /* user-online.png in Resources */,
				30D257AC19241BAD0095502A /* dsa_pub.pem in Resources */,
				30409BE117F9EDD500DD93A9 /* InfoPlist.strings in Resources */,
				30FAAB4E181C2812002051EB /* applications-system.icns in Resources */,
				30143ED018072AEE004B0B54 /* mac_client-512.png in Resources */,
				30409BE717F9EDD500DD93A9 /* Credits.rtf in Resources */,
				3032ECFF180D314B0069D360 /* Defaults.plist in Resources */,
				30131572191FDFA900388D78 /* computer.svg in Resources */,
				30F3C437180B43AB00614C58 /* vpn-512.png in Resources */,
				30FAAB3A181C26D3002051EB /* MainMenu.xib in Resources */,
				30131571191FDFA900388D78 /* applications-system.svg in Resources */,
				30FAAB50181C2812002051EB /* utilities-system-monitor.icns in Resources */,
				30FAAB4F181C2812002051EB /* computer.icns in Resources */,
				30131573191FDFA900388D78 /* preferences-system-network.svg in Resources */,
				30FAAB4D181C2812002051EB /* AppIcon.icns in Resources */,
			);
			runOnlyForDeploymentPostprocessing = 0;
		};
		30A323241A71B5690035C1DD /* Resources */ = {
			isa = PBXResourcesBuildPhase;
			buildActionMask = 2147483647;
			files = (
				30A3232F1A71B5E70035C1DD /* Icecc.xcspec in Resources */,
				30A323331A71B6030035C1DD /* Icecc.strings in Resources */,
			);
			runOnlyForDeploymentPostprocessing = 0;
		};
/* End PBXResourcesBuildPhase section */

/* Begin PBXShellScriptBuildPhase section */
		30995E301905DBFB000E2B90 /* ShellScript */ = {
			isa = PBXShellScriptBuildPhase;
			buildActionMask = 2147483647;
			files = (
			);
			inputPaths = (
			);
			outputPaths = (
			);
			runOnlyForDeploymentPostprocessing = 0;
			shellPath = /bin/sh;
			shellScript = "bash AppDNA.sh";
		};
		30C3DBB11AB25C36003113AF /* ShellScript */ = {
			isa = PBXShellScriptBuildPhase;
			buildActionMask = 2147483647;
			files = (
			);
			inputPaths = (
			);
			outputPaths = (
			);
			runOnlyForDeploymentPostprocessing = 0;
			shellPath = /bin/sh;
			shellScript = "cd \"$TARGET_BUILD_DIR\"/\"$CONTENTS_FOLDER_PATH\"/usr/bin\nln -s DistClang clang\nln -s DistClang clang++\n";
		};
/* End PBXShellScriptBuildPhase section */

/* Begin PBXSourcesBuildPhase section */
		30409BD117F9EDD400DD93A9 /* Sources */ = {
			isa = PBXSourcesBuildPhase;
			buildActionMask = 2147483647;
			files = (
				30B38D181A9B2940003FE7E3 /* IceCode.mm in Sources */,
				30ED78D5180C6A3200F8B42E /* DOTabbar.m in Sources */,
				30F3C435180B40BA00614C58 /* OBMenuBarWindow.m in Sources */,
				30409BE317F9EDD500DD93A9 /* main.m in Sources */,
				30ED78D6180C6A3200F8B42E /* DOTabbarItemCell.m in Sources */,
				3097A99A1A6E7A5C009CA971 /* DistCode.swift in Sources */,
			);
			runOnlyForDeploymentPostprocessing = 0;
		};
		309E06C81A714BEE004AB735 /* Sources */ = {
			isa = PBXSourcesBuildPhase;
			buildActionMask = 2147483647;
			files = (
				309E06CF1A714BEE004AB735 /* main.cpp in Sources */,
			);
			runOnlyForDeploymentPostprocessing = 0;
		};
		309EE4701A73A4C600BF9EA5 /* Sources */ = {
			isa = PBXSourcesBuildPhase;
			buildActionMask = 2147483647;
			files = (
				309EE4771A73A4C600BF9EA5 /* main.cpp in Sources */,
			);
			runOnlyForDeploymentPostprocessing = 0;
		};
		30A323221A71B5690035C1DD /* Sources */ = {
			isa = PBXSourcesBuildPhase;
			buildActionMask = 2147483647;
			files = (
			);
			runOnlyForDeploymentPostprocessing = 0;
		};
		30C9C7571AAD002F00A100C2 /* Sources */ = {
			isa = PBXSourcesBuildPhase;
			buildActionMask = 2147483647;
			files = (
				30C9C75E1AAD002F00A100C2 /* main.cpp in Sources */,
			);
			runOnlyForDeploymentPostprocessing = 0;
		};
/* End PBXSourcesBuildPhase section */

/* Begin PBXTargetDependency section */
		309EE47C1A73A5CB00BF9EA5 /* PBXTargetDependency */ = {
			isa = PBXTargetDependency;
			target = 309EE4731A73A4C600BF9EA5 /* DistClang */;
			targetProxy = 309EE47B1A73A5CB00BF9EA5 /* PBXContainerItemProxy */;
		};
		30A3233A1A71B6770035C1DD /* PBXTargetDependency */ = {
			isa = PBXTargetDependency;
			target = 30A323251A71B5690035C1DD /* Icecc */;
			targetProxy = 30A323391A71B6770035C1DD /* PBXContainerItemProxy */;
		};
		30A3233C1A71B6810035C1DD /* PBXTargetDependency */ = {
			isa = PBXTargetDependency;
			name = icecream;
			targetProxy = 30A3233B1A71B6810035C1DD /* PBXContainerItemProxy */;
		};
		30A3233E1A71B6F30035C1DD /* PBXTargetDependency */ = {
			isa = PBXTargetDependency;
			target = 309E06CB1A714BEE004AB735 /* DistServerDaemon */;
			targetProxy = 30A3233D1A71B6F30035C1DD /* PBXContainerItemProxy */;
		};
		30C9C7631AAD007C00A100C2 /* PBXTargetDependency */ = {
			isa = PBXTargetDependency;
			target = 30C9C75A1AAD002F00A100C2 /* killice */;
			targetProxy = 30C9C7621AAD007C00A100C2 /* PBXContainerItemProxy */;
		};
		30D257A6192413C60095502A /* PBXTargetDependency */ = {
			isa = PBXTargetDependency;
			name = Sparkle;
			targetProxy = 30D257A5192413C60095502A /* PBXContainerItemProxy */;
		};
/* End PBXTargetDependency section */

/* Begin PBXVariantGroup section */
		30409BDF17F9EDD500DD93A9 /* InfoPlist.strings */ = {
			isa = PBXVariantGroup;
			children = (
				30409BE017F9EDD500DD93A9 /* en */,
			);
			name = InfoPlist.strings;
			sourceTree = "<group>";
		};
		30409BE517F9EDD500DD93A9 /* Credits.rtf */ = {
			isa = PBXVariantGroup;
			children = (
				30409BE617F9EDD500DD93A9 /* en */,
			);
			name = Credits.rtf;
			sourceTree = "<group>";
		};
		30409BEB17F9EDD500DD93A9 /* MainMenu.xib */ = {
			isa = PBXVariantGroup;
			children = (
				30409BEC17F9EDD500DD93A9 /* Base */,
			);
			name = MainMenu.xib;
			sourceTree = "<group>";
		};
		30A323311A71B6030035C1DD /* Icecc.strings */ = {
			isa = PBXVariantGroup;
			children = (
				30A323321A71B6030035C1DD /* English */,
			);
			name = Icecc.strings;
			sourceTree = "<group>";
		};
/* End PBXVariantGroup section */

/* Begin XCBuildConfiguration section */
		303AA3DB17E991060077FFC3 /* Debug */ = {
			isa = XCBuildConfiguration;
			buildSettings = {
				ALWAYS_SEARCH_USER_PATHS = NO;
				ARCHS = "$(ARCHS_STANDARD_64_BIT)";
				CLANG_CXX_LANGUAGE_STANDARD = "gnu++0x";
				CLANG_CXX_LIBRARY = "libc++";
				CLANG_WARN_CONSTANT_CONVERSION = YES;
				CLANG_WARN_EMPTY_BODY = YES;
				CLANG_WARN_ENUM_CONVERSION = YES;
				CLANG_WARN_INT_CONVERSION = YES;
				CLANG_WARN__DUPLICATE_METHOD_MATCH = YES;
				COPY_PHASE_STRIP = NO;
				GCC_C_LANGUAGE_STANDARD = gnu99;
				GCC_DYNAMIC_NO_PIC = NO;
				GCC_ENABLE_OBJC_EXCEPTIONS = YES;
				GCC_OPTIMIZATION_LEVEL = 0;
				GCC_PREPROCESSOR_DEFINITIONS = (
					"DEBUG=1",
					"$(inherited)",
				);
				GCC_SYMBOLS_PRIVATE_EXTERN = NO;
				GCC_WARN_64_TO_32_BIT_CONVERSION = YES;
				GCC_WARN_ABOUT_RETURN_TYPE = YES;
				GCC_WARN_UNINITIALIZED_AUTOS = YES;
				GCC_WARN_UNUSED_VARIABLE = YES;
				ONLY_ACTIVE_ARCH = YES;
				SDKROOT = macosx;
			};
			name = Debug;
		};
		303AA3DC17E991060077FFC3 /* Release */ = {
			isa = XCBuildConfiguration;
			buildSettings = {
				ALWAYS_SEARCH_USER_PATHS = NO;
				ARCHS = "$(ARCHS_STANDARD_64_BIT)";
				CLANG_CXX_LANGUAGE_STANDARD = "gnu++0x";
				CLANG_CXX_LIBRARY = "libc++";
				CLANG_WARN_CONSTANT_CONVERSION = YES;
				CLANG_WARN_EMPTY_BODY = YES;
				CLANG_WARN_ENUM_CONVERSION = YES;
				CLANG_WARN_INT_CONVERSION = YES;
				CLANG_WARN__DUPLICATE_METHOD_MATCH = YES;
				COPY_PHASE_STRIP = YES;
				DEBUG_INFORMATION_FORMAT = "dwarf-with-dsym";
				GCC_C_LANGUAGE_STANDARD = gnu99;
				GCC_ENABLE_OBJC_EXCEPTIONS = YES;
				GCC_WARN_64_TO_32_BIT_CONVERSION = YES;
				GCC_WARN_ABOUT_RETURN_TYPE = YES;
				GCC_WARN_UNINITIALIZED_AUTOS = YES;
				GCC_WARN_UNUSED_VARIABLE = YES;
				SDKROOT = macosx;
			};
			name = Release;
		};
		30409C0217F9EDD500DD93A9 /* Debug */ = {
			isa = XCBuildConfiguration;
			buildSettings = {
				ASSETCATALOG_COMPILER_APPICON_NAME = AppIcon;
				CLANG_ENABLE_MODULES = YES;
				CLANG_ENABLE_OBJC_ARC = YES;
				CLANG_WARN_BOOL_CONVERSION = YES;
				CLANG_WARN_DIRECT_OBJC_ISA_USAGE = YES_ERROR;
				CLANG_WARN_OBJC_ROOT_CLASS = YES_ERROR;
				COMBINE_HIDPI_IMAGES = YES;
				GCC_PRECOMPILE_PREFIX_HEADER = YES;
				GCC_PREFIX_HEADER = "DistCode/DistCode-Prefix.pch";
				GCC_PREPROCESSOR_DEFINITIONS = (
					"DEBUG=1",
					"$(inherited)",
				);
				GCC_WARN_ABOUT_RETURN_TYPE = YES_ERROR;
				GCC_WARN_UNDECLARED_SELECTOR = YES;
				GCC_WARN_UNUSED_FUNCTION = YES;
				HEADER_SEARCH_PATHS = (
					"$(inherited)",
					/Applications/Xcode.app/Contents/Developer/Toolchains/XcodeDefault.xctoolchain/usr/include,
					"\"$(PROJECT_DIR)/icecream/bin/include\"",
				);
				INFOPLIST_FILE = "DistCode/DistCode-Info.plist";
				LD_RUNPATH_SEARCH_PATHS = "$(inherited) @executable_path/../Frameworks";
				LIBRARY_SEARCH_PATHS = (
					"$(inherited)",
					"$(PROJECT_DIR)/icecream/bin/lib",
					"$(PROJECT_DIR)/DistCode",
					"$(USER_LIBRARY_DIR)/Developer/Xcode/DerivedData/DistCode-gpnsjqzlcwljeaciyfjsvoabhbxg/Build/Products/Release",
				);
				MACOSX_DEPLOYMENT_TARGET = 10.10;
				PRODUCT_NAME = "$(TARGET_NAME)";
				SWIFT_OBJC_BRIDGING_HEADER = "DistCode/DistCode-Bridging-Header.h";
				SWIFT_OPTIMIZATION_LEVEL = "-Onone";
				WRAPPER_EXTENSION = app;
			};
			name = Debug;
		};
		30409C0317F9EDD500DD93A9 /* Release */ = {
			isa = XCBuildConfiguration;
			buildSettings = {
				ASSETCATALOG_COMPILER_APPICON_NAME = AppIcon;
				CLANG_ENABLE_MODULES = YES;
				CLANG_ENABLE_OBJC_ARC = YES;
				CLANG_WARN_BOOL_CONVERSION = YES;
				CLANG_WARN_DIRECT_OBJC_ISA_USAGE = YES_ERROR;
				CLANG_WARN_OBJC_ROOT_CLASS = YES_ERROR;
				COMBINE_HIDPI_IMAGES = YES;
				ENABLE_NS_ASSERTIONS = NO;
				GCC_PRECOMPILE_PREFIX_HEADER = YES;
				GCC_PREFIX_HEADER = "DistCode/DistCode-Prefix.pch";
				GCC_WARN_ABOUT_RETURN_TYPE = YES_ERROR;
				GCC_WARN_UNDECLARED_SELECTOR = YES;
				GCC_WARN_UNUSED_FUNCTION = YES;
				HEADER_SEARCH_PATHS = (
					"$(inherited)",
					/Applications/Xcode.app/Contents/Developer/Toolchains/XcodeDefault.xctoolchain/usr/include,
					"\"$(PROJECT_DIR)/icecream/bin/include\"",
				);
				INFOPLIST_FILE = "DistCode/DistCode-Info.plist";
				LD_RUNPATH_SEARCH_PATHS = "$(inherited) @executable_path/../Frameworks";
				LIBRARY_SEARCH_PATHS = (
					"$(inherited)",
					"$(PROJECT_DIR)/icecream/bin/lib",
					"$(PROJECT_DIR)/DistCode",
					"$(USER_LIBRARY_DIR)/Developer/Xcode/DerivedData/DistCode-gpnsjqzlcwljeaciyfjsvoabhbxg/Build/Products/Release",
				);
				MACOSX_DEPLOYMENT_TARGET = 10.10;
				PRODUCT_NAME = "$(TARGET_NAME)";
				SWIFT_OBJC_BRIDGING_HEADER = "DistCode/DistCode-Bridging-Header.h";
				WRAPPER_EXTENSION = app;
			};
			name = Release;
		};
		309E06D01A714BEE004AB735 /* Debug */ = {
			isa = XCBuildConfiguration;
			buildSettings = {
				CLANG_ENABLE_MODULES = YES;
				CLANG_ENABLE_OBJC_ARC = YES;
				CLANG_WARN_BOOL_CONVERSION = YES;
				CLANG_WARN_DIRECT_OBJC_ISA_USAGE = YES_ERROR;
				CLANG_WARN_OBJC_ROOT_CLASS = YES_ERROR;
				CLANG_WARN_UNREACHABLE_CODE = YES;
				ENABLE_STRICT_OBJC_MSGSEND = YES;
				GCC_PREPROCESSOR_DEFINITIONS = (
					"DEBUG=1",
					"$(inherited)",
				);
				GCC_WARN_ABOUT_RETURN_TYPE = YES_ERROR;
				GCC_WARN_UNDECLARED_SELECTOR = YES;
				GCC_WARN_UNINITIALIZED_AUTOS = YES_AGGRESSIVE;
				GCC_WARN_UNUSED_FUNCTION = YES;
				MACOSX_DEPLOYMENT_TARGET = 10.10;
				MTL_ENABLE_DEBUG_INFO = YES;
				PRODUCT_NAME = "$(TARGET_NAME)";
			};
			name = Debug;
		};
		309E06D11A714BEE004AB735 /* Release */ = {
			isa = XCBuildConfiguration;
			buildSettings = {
				CLANG_ENABLE_MODULES = YES;
				CLANG_ENABLE_OBJC_ARC = YES;
				CLANG_WARN_BOOL_CONVERSION = YES;
				CLANG_WARN_DIRECT_OBJC_ISA_USAGE = YES_ERROR;
				CLANG_WARN_OBJC_ROOT_CLASS = YES_ERROR;
				CLANG_WARN_UNREACHABLE_CODE = YES;
				ENABLE_NS_ASSERTIONS = NO;
				ENABLE_STRICT_OBJC_MSGSEND = YES;
				GCC_WARN_ABOUT_RETURN_TYPE = YES_ERROR;
				GCC_WARN_UNDECLARED_SELECTOR = YES;
				GCC_WARN_UNINITIALIZED_AUTOS = YES_AGGRESSIVE;
				GCC_WARN_UNUSED_FUNCTION = YES;
				MACOSX_DEPLOYMENT_TARGET = 10.10;
				MTL_ENABLE_DEBUG_INFO = NO;
				PRODUCT_NAME = "$(TARGET_NAME)";
			};
			name = Release;
		};
		309EE4791A73A4C600BF9EA5 /* Debug */ = {
			isa = XCBuildConfiguration;
			buildSettings = {
				CLANG_ENABLE_MODULES = YES;
				CLANG_ENABLE_OBJC_ARC = YES;
				CLANG_WARN_BOOL_CONVERSION = YES;
				CLANG_WARN_DIRECT_OBJC_ISA_USAGE = YES_ERROR;
				CLANG_WARN_OBJC_ROOT_CLASS = YES_ERROR;
				CLANG_WARN_UNREACHABLE_CODE = YES;
				ENABLE_STRICT_OBJC_MSGSEND = YES;
				GCC_PREPROCESSOR_DEFINITIONS = (
					"DEBUG=1",
					"$(inherited)",
				);
				GCC_WARN_ABOUT_RETURN_TYPE = YES_ERROR;
				GCC_WARN_UNDECLARED_SELECTOR = YES;
				GCC_WARN_UNINITIALIZED_AUTOS = YES_AGGRESSIVE;
				GCC_WARN_UNUSED_FUNCTION = YES;
				MACOSX_DEPLOYMENT_TARGET = 10.10;
				MTL_ENABLE_DEBUG_INFO = YES;
				PRODUCT_NAME = "$(TARGET_NAME)";
			};
			name = Debug;
		};
		309EE47A1A73A4C600BF9EA5 /* Release */ = {
			isa = XCBuildConfiguration;
			buildSettings = {
				CLANG_ENABLE_MODULES = YES;
				CLANG_ENABLE_OBJC_ARC = YES;
				CLANG_WARN_BOOL_CONVERSION = YES;
				CLANG_WARN_DIRECT_OBJC_ISA_USAGE = YES_ERROR;
				CLANG_WARN_OBJC_ROOT_CLASS = YES_ERROR;
				CLANG_WARN_UNREACHABLE_CODE = YES;
				ENABLE_NS_ASSERTIONS = NO;
				ENABLE_STRICT_OBJC_MSGSEND = YES;
				GCC_WARN_ABOUT_RETURN_TYPE = YES_ERROR;
				GCC_WARN_UNDECLARED_SELECTOR = YES;
				GCC_WARN_UNINITIALIZED_AUTOS = YES_AGGRESSIVE;
				GCC_WARN_UNUSED_FUNCTION = YES;
				MACOSX_DEPLOYMENT_TARGET = 10.10;
				MTL_ENABLE_DEBUG_INFO = NO;
				PRODUCT_NAME = "$(TARGET_NAME)";
			};
			name = Release;
		};
		30A3232B1A71B5690035C1DD /* Debug */ = {
			isa = XCBuildConfiguration;
			buildSettings = {
				CLANG_ENABLE_MODULES = YES;
				CLANG_ENABLE_OBJC_ARC = YES;
				CLANG_WARN_BOOL_CONVERSION = YES;
				CLANG_WARN_DIRECT_OBJC_ISA_USAGE = YES_ERROR;
				CLANG_WARN_OBJC_ROOT_CLASS = YES_ERROR;
				CLANG_WARN_UNREACHABLE_CODE = YES;
				COMBINE_HIDPI_IMAGES = YES;
				ENABLE_STRICT_OBJC_MSGSEND = YES;
				GCC_PREPROCESSOR_DEFINITIONS = (
					"DEBUG=1",
					"$(inherited)",
				);
				GCC_WARN_ABOUT_RETURN_TYPE = YES_ERROR;
				GCC_WARN_UNDECLARED_SELECTOR = YES;
				GCC_WARN_UNINITIALIZED_AUTOS = YES_AGGRESSIVE;
				GCC_WARN_UNUSED_FUNCTION = YES;
				INFOPLIST_FILE = Icecc/Info.plist;
				INSTALL_PATH = "$(LOCAL_LIBRARY_DIR)/Bundles";
				MACOSX_DEPLOYMENT_TARGET = 10.10;
				MTL_ENABLE_DEBUG_INFO = YES;
				PRODUCT_NAME = "$(TARGET_NAME)";
				SKIP_INSTALL = YES;
				WRAPPER_EXTENSION = xcplugin;
			};
			name = Debug;
		};
		30A3232C1A71B5690035C1DD /* Release */ = {
			isa = XCBuildConfiguration;
			buildSettings = {
				CLANG_ENABLE_MODULES = YES;
				CLANG_ENABLE_OBJC_ARC = YES;
				CLANG_WARN_BOOL_CONVERSION = YES;
				CLANG_WARN_DIRECT_OBJC_ISA_USAGE = YES_ERROR;
				CLANG_WARN_OBJC_ROOT_CLASS = YES_ERROR;
				CLANG_WARN_UNREACHABLE_CODE = YES;
				COMBINE_HIDPI_IMAGES = YES;
				ENABLE_NS_ASSERTIONS = NO;
				ENABLE_STRICT_OBJC_MSGSEND = YES;
				GCC_WARN_ABOUT_RETURN_TYPE = YES_ERROR;
				GCC_WARN_UNDECLARED_SELECTOR = YES;
				GCC_WARN_UNINITIALIZED_AUTOS = YES_AGGRESSIVE;
				GCC_WARN_UNUSED_FUNCTION = YES;
				INFOPLIST_FILE = Icecc/Info.plist;
				INSTALL_PATH = "$(LOCAL_LIBRARY_DIR)/Bundles";
				MACOSX_DEPLOYMENT_TARGET = 10.10;
				MTL_ENABLE_DEBUG_INFO = NO;
				PRODUCT_NAME = "$(TARGET_NAME)";
				SKIP_INSTALL = YES;
				WRAPPER_EXTENSION = xcplugin;
			};
			name = Release;
		};
		30C9C7601AAD003000A100C2 /* Debug */ = {
			isa = XCBuildConfiguration;
			buildSettings = {
				CLANG_ENABLE_MODULES = YES;
				CLANG_ENABLE_OBJC_ARC = YES;
				CLANG_WARN_BOOL_CONVERSION = YES;
				CLANG_WARN_DIRECT_OBJC_ISA_USAGE = YES_ERROR;
				CLANG_WARN_OBJC_ROOT_CLASS = YES_ERROR;
				CLANG_WARN_UNREACHABLE_CODE = YES;
				ENABLE_STRICT_OBJC_MSGSEND = YES;
				GCC_PREPROCESSOR_DEFINITIONS = (
					"DEBUG=1",
					"$(inherited)",
				);
				GCC_WARN_ABOUT_RETURN_TYPE = YES_ERROR;
				GCC_WARN_UNDECLARED_SELECTOR = YES;
				GCC_WARN_UNINITIALIZED_AUTOS = YES_AGGRESSIVE;
				GCC_WARN_UNUSED_FUNCTION = YES;
				MACOSX_DEPLOYMENT_TARGET = 10.10;
				MTL_ENABLE_DEBUG_INFO = YES;
				PRODUCT_NAME = "$(TARGET_NAME)";
			};
			name = Debug;
		};
		30C9C7611AAD003000A100C2 /* Release */ = {
			isa = XCBuildConfiguration;
			buildSettings = {
				CLANG_ENABLE_MODULES = YES;
				CLANG_ENABLE_OBJC_ARC = YES;
				CLANG_WARN_BOOL_CONVERSION = YES;
				CLANG_WARN_DIRECT_OBJC_ISA_USAGE = YES_ERROR;
				CLANG_WARN_OBJC_ROOT_CLASS = YES_ERROR;
				CLANG_WARN_UNREACHABLE_CODE = YES;
				ENABLE_NS_ASSERTIONS = NO;
				ENABLE_STRICT_OBJC_MSGSEND = YES;
				GCC_WARN_ABOUT_RETURN_TYPE = YES_ERROR;
				GCC_WARN_UNDECLARED_SELECTOR = YES;
				GCC_WARN_UNINITIALIZED_AUTOS = YES_AGGRESSIVE;
				GCC_WARN_UNUSED_FUNCTION = YES;
				MACOSX_DEPLOYMENT_TARGET = 10.10;
				MTL_ENABLE_DEBUG_INFO = NO;
				PRODUCT_NAME = "$(TARGET_NAME)";
			};
			name = Release;
		};
/* End XCBuildConfiguration section */

/* Begin XCConfigurationList section */
		303AA3C517E991060077FFC3 /* Build configuration list for PBXProject "DistCode" */ = {
			isa = XCConfigurationList;
			buildConfigurations = (
				303AA3DB17E991060077FFC3 /* Debug */,
				303AA3DC17E991060077FFC3 /* Release */,
			);
			defaultConfigurationIsVisible = 0;
			defaultConfigurationName = Release;
		};
		30409C0717F9EDD500DD93A9 /* Build configuration list for PBXNativeTarget "DistCode" */ = {
			isa = XCConfigurationList;
			buildConfigurations = (
				30409C0217F9EDD500DD93A9 /* Debug */,
				30409C0317F9EDD500DD93A9 /* Release */,
			);
			defaultConfigurationIsVisible = 0;
			defaultConfigurationName = Release;
		};
		309E06D81A714BEE004AB735 /* Build configuration list for PBXNativeTarget "DistServerDaemon" */ = {
			isa = XCConfigurationList;
			buildConfigurations = (
				309E06D01A714BEE004AB735 /* Debug */,
				309E06D11A714BEE004AB735 /* Release */,
			);
			defaultConfigurationIsVisible = 0;
			defaultConfigurationName = Release;
		};
		309EE4781A73A4C600BF9EA5 /* Build configuration list for PBXNativeTarget "DistClang" */ = {
			isa = XCConfigurationList;
			buildConfigurations = (
				309EE4791A73A4C600BF9EA5 /* Debug */,
				309EE47A1A73A4C600BF9EA5 /* Release */,
			);
			defaultConfigurationIsVisible = 0;
			defaultConfigurationName = Release;
		};
		30A3232A1A71B5690035C1DD /* Build configuration list for PBXNativeTarget "Icecc" */ = {
			isa = XCConfigurationList;
			buildConfigurations = (
				30A3232B1A71B5690035C1DD /* Debug */,
				30A3232C1A71B5690035C1DD /* Release */,
			);
			defaultConfigurationIsVisible = 0;
			defaultConfigurationName = Release;
		};
		30C9C75F1AAD003000A100C2 /* Build configuration list for PBXNativeTarget "killice" */ = {
			isa = XCConfigurationList;
			buildConfigurations = (
				30C9C7601AAD003000A100C2 /* Debug */,
				30C9C7611AAD003000A100C2 /* Release */,
			);
			defaultConfigurationIsVisible = 0;
			defaultConfigurationName = Release;
		};
/* End XCConfigurationList section */
	};
	rootObject = 303AA3C217E991060077FFC3 /* Project object */;
}
